// !$*UTF8*$!
{
	archiveVersion = 1;
	classes = {
	};
	objectVersion = 46;
	objects = {

/* Begin PBXBuildFile section */
		0555B9851BDEECFC00C41580 /* Settings.swift in Sources */ = {isa = PBXBuildFile; fileRef = 0555B9841BDEECFC00C41580 /* Settings.swift */; };
		0555B9861BDEECFC00C41580 /* Settings.swift in Sources */ = {isa = PBXBuildFile; fileRef = 0555B9841BDEECFC00C41580 /* Settings.swift */; };
		0555B9871BDEECFC00C41580 /* Settings.swift in Sources */ = {isa = PBXBuildFile; fileRef = 0555B9841BDEECFC00C41580 /* Settings.swift */; };
		0555B98E1BDEEE7300C41580 /* ViData.xcdatamodeld in Sources */ = {isa = PBXBuildFile; fileRef = 0555B98C1BDEEE7300C41580 /* ViData.xcdatamodeld */; };
		0555B98F1BDEEE7300C41580 /* ViData.xcdatamodeld in Sources */ = {isa = PBXBuildFile; fileRef = 0555B98C1BDEEE7300C41580 /* ViData.xcdatamodeld */; };
		0555B9901BDEEE7300C41580 /* ViData.xcdatamodeld in Sources */ = {isa = PBXBuildFile; fileRef = 0555B98C1BDEEE7300C41580 /* ViData.xcdatamodeld */; };
		05B02BFA1BDAA79B0057C80C /* CellView.swift in Sources */ = {isa = PBXBuildFile; fileRef = 05B02BF91BDAA79B0057C80C /* CellView.swift */; };
		05B02BFB1BDAA79B0057C80C /* CellView.swift in Sources */ = {isa = PBXBuildFile; fileRef = 05B02BF91BDAA79B0057C80C /* CellView.swift */; };
		05B02BFC1BDAA79B0057C80C /* CellView.swift in Sources */ = {isa = PBXBuildFile; fileRef = 05B02BF91BDAA79B0057C80C /* CellView.swift */; };
		05BC1C911BD8551A00D47DAB /* App.swift in Sources */ = {isa = PBXBuildFile; fileRef = 05BC1C8D1BD8551A00D47DAB /* App.swift */; };
		05BC1C921BD8551A00D47DAB /* App.swift in Sources */ = {isa = PBXBuildFile; fileRef = 05BC1C8D1BD8551A00D47DAB /* App.swift */; };
		05BC1C931BD8551A00D47DAB /* App.swift in Sources */ = {isa = PBXBuildFile; fileRef = 05BC1C8D1BD8551A00D47DAB /* App.swift */; };
		05BC1C941BD8551A00D47DAB /* AppInfoViewController.swift in Sources */ = {isa = PBXBuildFile; fileRef = 05BC1C8E1BD8551A00D47DAB /* AppInfoViewController.swift */; };
		05BC1C951BD8551A00D47DAB /* AppInfoViewController.swift in Sources */ = {isa = PBXBuildFile; fileRef = 05BC1C8E1BD8551A00D47DAB /* AppInfoViewController.swift */; };
		05BC1C961BD8551A00D47DAB /* AppInfoViewController.swift in Sources */ = {isa = PBXBuildFile; fileRef = 05BC1C8E1BD8551A00D47DAB /* AppInfoViewController.swift */; };
		05BC1C971BD8551A00D47DAB /* LibraryViewController.swift in Sources */ = {isa = PBXBuildFile; fileRef = 05BC1C8F1BD8551A00D47DAB /* LibraryViewController.swift */; };
		05BC1C981BD8551A00D47DAB /* LibraryViewController.swift in Sources */ = {isa = PBXBuildFile; fileRef = 05BC1C8F1BD8551A00D47DAB /* LibraryViewController.swift */; };
		05BC1C991BD8551A00D47DAB /* LibraryViewController.swift in Sources */ = {isa = PBXBuildFile; fileRef = 05BC1C8F1BD8551A00D47DAB /* LibraryViewController.swift */; };
		05BC1C9A1BD8551A00D47DAB /* DummyData.swift in Sources */ = {isa = PBXBuildFile; fileRef = 05BC1C901BD8551A00D47DAB /* DummyData.swift */; };
		05BC1C9B1BD8551A00D47DAB /* DummyData.swift in Sources */ = {isa = PBXBuildFile; fileRef = 05BC1C901BD8551A00D47DAB /* DummyData.swift */; };
		05BC1C9C1BD8551A00D47DAB /* DummyData.swift in Sources */ = {isa = PBXBuildFile; fileRef = 05BC1C901BD8551A00D47DAB /* DummyData.swift */; };
		05CBBFC21BD6BE3500227BDC /* SettingsViewController.swift in Sources */ = {isa = PBXBuildFile; fileRef = 05CBBFC11BD6BE3500227BDC /* SettingsViewController.swift */; };
		05CBBFC31BD6BE3500227BDC /* SettingsViewController.swift in Sources */ = {isa = PBXBuildFile; fileRef = 05CBBFC11BD6BE3500227BDC /* SettingsViewController.swift */; };
		05CBBFC41BD6BE3500227BDC /* SettingsViewController.swift in Sources */ = {isa = PBXBuildFile; fileRef = 05CBBFC11BD6BE3500227BDC /* SettingsViewController.swift */; };
		4157A4720162F2F25EB1D1E2 /* Pods_ViTests.framework in Frameworks */ = {isa = PBXBuildFile; fileRef = 8D43755505FD9E0E43C57065 /* Pods_ViTests.framework */; };
		53060AA11BD98F6D008AE89A /* PluginsViewController.swift in Sources */ = {isa = PBXBuildFile; fileRef = 53060AA01BD98F6D008AE89A /* PluginsViewController.swift */; };
		53060AAA1BD99195008AE89A /* image1.png in Resources */ = {isa = PBXBuildFile; fileRef = 53060AA21BD99195008AE89A /* image1.png */; };
		53060AAB1BD99195008AE89A /* image2.png in Resources */ = {isa = PBXBuildFile; fileRef = 53060AA31BD99195008AE89A /* image2.png */; };
		53060AAC1BD99195008AE89A /* image3.png in Resources */ = {isa = PBXBuildFile; fileRef = 53060AA41BD99195008AE89A /* image3.png */; };
		53060AAD1BD99195008AE89A /* image4.png in Resources */ = {isa = PBXBuildFile; fileRef = 53060AA51BD99195008AE89A /* image4.png */; };
		53060AAE1BD99195008AE89A /* image5.png in Resources */ = {isa = PBXBuildFile; fileRef = 53060AA61BD99195008AE89A /* image5.png */; };
		53060AAF1BD99195008AE89A /* image6.png in Resources */ = {isa = PBXBuildFile; fileRef = 53060AA71BD99195008AE89A /* image6.png */; };
		53060AB01BD99195008AE89A /* image7.png in Resources */ = {isa = PBXBuildFile; fileRef = 53060AA81BD99195008AE89A /* image7.png */; };
		53060AB11BD99195008AE89A /* image8.png in Resources */ = {isa = PBXBuildFile; fileRef = 53060AA91BD99195008AE89A /* image8.png */; };
		53447A271BD848EC00282C54 /* dog.jpg in Resources */ = {isa = PBXBuildFile; fileRef = 53447A261BD848EC00282C54 /* dog.jpg */; };
		53C09A721BDB00B70080CD62 /* Settings.storyboard in Resources */ = {isa = PBXBuildFile; fileRef = 53C09A701BDB00B70080CD62 /* Settings.storyboard */; };
		53C09A741BDB00F00080CD62 /* Plugins.storyboard in Resources */ = {isa = PBXBuildFile; fileRef = 53C09A731BDB00F00080CD62 /* Plugins.storyboard */; };
		53C09A7E1BDB01C30080CD62 /* Home.storyboard in Resources */ = {isa = PBXBuildFile; fileRef = 53C09A7D1BDB01C30080CD62 /* Home.storyboard */; };
		83303FD51BDE9AC90024A10D /* Lato-Regular.ttf in Resources */ = {isa = PBXBuildFile; fileRef = 836DA7E01BDC471F0031D676 /* Lato-Regular.ttf */; };
		83303FD61BDE9AD00024A10D /* SF-UI-Display-Regular.otf in Resources */ = {isa = PBXBuildFile; fileRef = 836DA7E11BDC477D0031D676 /* SF-UI-Display-Regular.otf */; };
		83303FD71BDE9AD60024A10D /* Roboto-Regular.ttf in Resources */ = {isa = PBXBuildFile; fileRef = 836DA7DF1BDC46580031D676 /* Roboto-Regular.ttf */; };
		83303FD91BDEA3990024A10D /* LibraryNavController.swift in Sources */ = {isa = PBXBuildFile; fileRef = 83303FD81BDEA3990024A10D /* LibraryNavController.swift */; };
		83391CDA1BD9B008005924DB /* NavigatorViewController.swift in Sources */ = {isa = PBXBuildFile; fileRef = 83391CD91BD9B008005924DB /* NavigatorViewController.swift */; };
		8352C65F1BD6A5DA007B3F5F /* AppDelegate.swift in Sources */ = {isa = PBXBuildFile; fileRef = 8352C65E1BD6A5DA007B3F5F /* AppDelegate.swift */; };
		8352C6661BD6A5DA007B3F5F /* Main.storyboard in Resources */ = {isa = PBXBuildFile; fileRef = 8352C6641BD6A5DA007B3F5F /* Main.storyboard */; };
		8352C6681BD6A5DA007B3F5F /* Assets.xcassets in Resources */ = {isa = PBXBuildFile; fileRef = 8352C6671BD6A5DA007B3F5F /* Assets.xcassets */; };
		8352C66B1BD6A5DA007B3F5F /* LaunchScreen.storyboard in Resources */ = {isa = PBXBuildFile; fileRef = 8352C6691BD6A5DA007B3F5F /* LaunchScreen.storyboard */; };
		8352C6761BD6A5DA007B3F5F /* ViTests.swift in Sources */ = {isa = PBXBuildFile; fileRef = 8352C6751BD6A5DA007B3F5F /* ViTests.swift */; };
		8352C6811BD6A5DA007B3F5F /* ViUITests.swift in Sources */ = {isa = PBXBuildFile; fileRef = 8352C6801BD6A5DA007B3F5F /* ViUITests.swift */; };
		837815BC1BDEE2C80049FEBE /* Library.storyboard in Resources */ = {isa = PBXBuildFile; fileRef = 837815BA1BDEE2C80049FEBE /* Library.storyboard */; };
		83CDBF731BE12D5C0053D4BA /* Launch Screen.storyboard in Resources */ = {isa = PBXBuildFile; fileRef = 83CDBF721BE12D5C0053D4BA /* Launch Screen.storyboard */; settings = {ASSET_TAGS = (); }; };
		83CDBF751BE12E930053D4BA /* chris.png in Resources */ = {isa = PBXBuildFile; fileRef = 83CDBF741BE12E930053D4BA /* chris.png */; settings = {ASSET_TAGS = (); }; };
		8CEE63402734D740A43E0B7F /* Pods_ViUITests.framework in Frameworks */ = {isa = PBXBuildFile; fileRef = A8669FC4F92925624489158A /* Pods_ViUITests.framework */; };
		B766D0BDF98CFBFA1B4C3942 /* Pods_Vi.framework in Frameworks */ = {isa = PBXBuildFile; fileRef = A4EE609C1BED1A14BD74639E /* Pods_Vi.framework */; };
		EC2350AA1BDEEC8500547EC4 /* Authentication.swift in Sources */ = {isa = PBXBuildFile; fileRef = EC2350A91BDEEC8500547EC4 /* Authentication.swift */; };
		EC2CBFB31BD85C6100F2D05C /* TextToSpeech.swift in Sources */ = {isa = PBXBuildFile; fileRef = EC2CBFB21BD85C6100F2D05C /* TextToSpeech.swift */; };
		EC30DF6D1BDF3745001493F2 /* start_listening.wav in Resources */ = {isa = PBXBuildFile; fileRef = EC30DF6C1BDF3745001493F2 /* start_listening.wav */; };
		EC4D3AE21BDB4618008C245F /* SystemConfiguration.framework in Frameworks */ = {isa = PBXBuildFile; fileRef = EC4D3AE11BDB4618008C245F /* SystemConfiguration.framework */; };
		EC90FC391BDB046D00F60AE9 /* HomeViewController.swift in Sources */ = {isa = PBXBuildFile; fileRef = EC90FC381BDB046D00F60AE9 /* HomeViewController.swift */; };
		EC90FC431BDB3EFA00F60AE9 /* NuanceHeader.m in Sources */ = {isa = PBXBuildFile; fileRef = EC90FC421BDB3EFA00F60AE9 /* NuanceHeader.m */; };
		EC90FC441BDB3EFA00F60AE9 /* NuanceHeader.m in Sources */ = {isa = PBXBuildFile; fileRef = EC90FC421BDB3EFA00F60AE9 /* NuanceHeader.m */; };
		EC90FC451BDB3EFA00F60AE9 /* NuanceHeader.m in Sources */ = {isa = PBXBuildFile; fileRef = EC90FC421BDB3EFA00F60AE9 /* NuanceHeader.m */; };
		EC90FC621BDB44CB00F60AE9 /* SpeechKit.framework in Frameworks */ = {isa = PBXBuildFile; fileRef = EC90FC4D1BDB44CB00F60AE9 /* SpeechKit.framework */; };
		EC90FC631BDB44CB00F60AE9 /* SpeechKit.framework in Frameworks */ = {isa = PBXBuildFile; fileRef = EC90FC4D1BDB44CB00F60AE9 /* SpeechKit.framework */; };
		EC90FC641BDB44CB00F60AE9 /* SpeechKit.framework in Frameworks */ = {isa = PBXBuildFile; fileRef = EC90FC4D1BDB44CB00F60AE9 /* SpeechKit.framework */; };
		EC90FC701BDB459100F60AE9 /* UIKit.framework in Frameworks */ = {isa = PBXBuildFile; fileRef = EC90FC6F1BDB459100F60AE9 /* UIKit.framework */; };
		EC90FC721BDB459700F60AE9 /* AudioToolbox.framework in Frameworks */ = {isa = PBXBuildFile; fileRef = EC90FC711BDB459700F60AE9 /* AudioToolbox.framework */; };
		EC90FC741BDB459D00F60AE9 /* AVFoundation.framework in Frameworks */ = {isa = PBXBuildFile; fileRef = EC90FC731BDB459D00F60AE9 /* AVFoundation.framework */; };
		EC90FC761BDB45AB00F60AE9 /* CFNetwork.framework in Frameworks */ = {isa = PBXBuildFile; fileRef = EC90FC751BDB45AB00F60AE9 /* CFNetwork.framework */; };
		EC90FC781BDB45B000F60AE9 /* CoreGraphics.framework in Frameworks */ = {isa = PBXBuildFile; fileRef = EC90FC771BDB45B000F60AE9 /* CoreGraphics.framework */; };
		EC90FC7A1BDB45BD00F60AE9 /* Foundation.framework in Frameworks */ = {isa = PBXBuildFile; fileRef = EC90FC791BDB45BD00F60AE9 /* Foundation.framework */; };
		EC90FC7C1BDB45C700F60AE9 /* Security.framework in Frameworks */ = {isa = PBXBuildFile; fileRef = EC90FC7B1BDB45C700F60AE9 /* Security.framework */; };
		ECBD06061BDC9AA500AB9C01 /* transcriptLabel.swift in Sources */ = {isa = PBXBuildFile; fileRef = ECBD06051BDC9AA500AB9C01 /* transcriptLabel.swift */; };
		ECD639C21BD99819008530A4 /* viSun.png in Resources */ = {isa = PBXBuildFile; fileRef = ECD639C11BD99819008530A4 /* viSun.png */; };
/* End PBXBuildFile section */

/* Begin PBXContainerItemProxy section */
		8352C6721BD6A5DA007B3F5F /* PBXContainerItemProxy */ = {
			isa = PBXContainerItemProxy;
			containerPortal = 8352C6531BD6A5DA007B3F5F /* Project object */;
			proxyType = 1;
			remoteGlobalIDString = 8352C65A1BD6A5DA007B3F5F;
			remoteInfo = Vi;
		};
		8352C67D1BD6A5DA007B3F5F /* PBXContainerItemProxy */ = {
			isa = PBXContainerItemProxy;
			containerPortal = 8352C6531BD6A5DA007B3F5F /* Project object */;
			proxyType = 1;
			remoteGlobalIDString = 8352C65A1BD6A5DA007B3F5F;
			remoteInfo = Vi;
		};
/* End PBXContainerItemProxy section */

/* Begin PBXFileReference section */
		0555B9841BDEECFC00C41580 /* Settings.swift */ = {isa = PBXFileReference; fileEncoding = 4; lastKnownFileType = sourcecode.swift; path = Settings.swift; sourceTree = "<group>"; };
		0555B98D1BDEEE7300C41580 /* ViData.xcdatamodel */ = {isa = PBXFileReference; lastKnownFileType = wrapper.xcdatamodel; path = ViData.xcdatamodel; sourceTree = "<group>"; };
		05B02BF91BDAA79B0057C80C /* CellView.swift */ = {isa = PBXFileReference; fileEncoding = 4; lastKnownFileType = sourcecode.swift; path = CellView.swift; sourceTree = "<group>"; };
		05BC1C8D1BD8551A00D47DAB /* App.swift */ = {isa = PBXFileReference; fileEncoding = 4; lastKnownFileType = sourcecode.swift; path = App.swift; sourceTree = "<group>"; };
		05BC1C8E1BD8551A00D47DAB /* AppInfoViewController.swift */ = {isa = PBXFileReference; fileEncoding = 4; lastKnownFileType = sourcecode.swift; path = AppInfoViewController.swift; sourceTree = "<group>"; };
		05BC1C8F1BD8551A00D47DAB /* LibraryViewController.swift */ = {isa = PBXFileReference; fileEncoding = 4; lastKnownFileType = sourcecode.swift; path = LibraryViewController.swift; sourceTree = "<group>"; };
		05BC1C901BD8551A00D47DAB /* DummyData.swift */ = {isa = PBXFileReference; fileEncoding = 4; lastKnownFileType = sourcecode.swift; path = DummyData.swift; sourceTree = "<group>"; };
		05CBBFC11BD6BE3500227BDC /* SettingsViewController.swift */ = {isa = PBXFileReference; fileEncoding = 4; lastKnownFileType = sourcecode.swift; path = SettingsViewController.swift; sourceTree = "<group>"; };
		1B71BEC2CC252775D10FD1CC /* Pods-ViUITests.release.xcconfig */ = {isa = PBXFileReference; includeInIndex = 1; lastKnownFileType = text.xcconfig; name = "Pods-ViUITests.release.xcconfig"; path = "Pods/Target Support Files/Pods-ViUITests/Pods-ViUITests.release.xcconfig"; sourceTree = "<group>"; };
		472C346C0DEEB63EF78834A7 /* Pods-ViTests.release.xcconfig */ = {isa = PBXFileReference; includeInIndex = 1; lastKnownFileType = text.xcconfig; name = "Pods-ViTests.release.xcconfig"; path = "Pods/Target Support Files/Pods-ViTests/Pods-ViTests.release.xcconfig"; sourceTree = "<group>"; };
		494E34089B254FB16BC192F1 /* Pods-ViTests.debug.xcconfig */ = {isa = PBXFileReference; includeInIndex = 1; lastKnownFileType = text.xcconfig; name = "Pods-ViTests.debug.xcconfig"; path = "Pods/Target Support Files/Pods-ViTests/Pods-ViTests.debug.xcconfig"; sourceTree = "<group>"; };
		53060AA01BD98F6D008AE89A /* PluginsViewController.swift */ = {isa = PBXFileReference; fileEncoding = 4; indentWidth = 2; lastKnownFileType = sourcecode.swift; path = PluginsViewController.swift; sourceTree = "<group>"; tabWidth = 2; };
		53060AA21BD99195008AE89A /* image1.png */ = {isa = PBXFileReference; lastKnownFileType = image.png; path = image1.png; sourceTree = "<group>"; };
		53060AA31BD99195008AE89A /* image2.png */ = {isa = PBXFileReference; lastKnownFileType = image.png; path = image2.png; sourceTree = "<group>"; };
		53060AA41BD99195008AE89A /* image3.png */ = {isa = PBXFileReference; lastKnownFileType = image.png; path = image3.png; sourceTree = "<group>"; };
		53060AA51BD99195008AE89A /* image4.png */ = {isa = PBXFileReference; lastKnownFileType = image.png; path = image4.png; sourceTree = "<group>"; };
		53060AA61BD99195008AE89A /* image5.png */ = {isa = PBXFileReference; lastKnownFileType = image.png; path = image5.png; sourceTree = "<group>"; };
		53060AA71BD99195008AE89A /* image6.png */ = {isa = PBXFileReference; lastKnownFileType = image.png; path = image6.png; sourceTree = "<group>"; };
		53060AA81BD99195008AE89A /* image7.png */ = {isa = PBXFileReference; lastKnownFileType = image.png; path = image7.png; sourceTree = "<group>"; };
		53060AA91BD99195008AE89A /* image8.png */ = {isa = PBXFileReference; lastKnownFileType = image.png; path = image8.png; sourceTree = "<group>"; };
		53447A261BD848EC00282C54 /* dog.jpg */ = {isa = PBXFileReference; lastKnownFileType = image.jpeg; path = dog.jpg; sourceTree = "<group>"; };
		53C09A711BDB00B70080CD62 /* Base */ = {isa = PBXFileReference; lastKnownFileType = file.storyboard; name = Base; path = Base.lproj/Settings.storyboard; sourceTree = "<group>"; };
		53C09A731BDB00F00080CD62 /* Plugins.storyboard */ = {isa = PBXFileReference; fileEncoding = 4; lastKnownFileType = file.storyboard; path = Plugins.storyboard; sourceTree = "<group>"; };
		53C09A7D1BDB01C30080CD62 /* Home.storyboard */ = {isa = PBXFileReference; fileEncoding = 4; lastKnownFileType = file.storyboard; path = Home.storyboard; sourceTree = "<group>"; };
		821CC986ED395AD825E44B5E /* Pods-Vi.release.xcconfig */ = {isa = PBXFileReference; includeInIndex = 1; lastKnownFileType = text.xcconfig; name = "Pods-Vi.release.xcconfig"; path = "Pods/Target Support Files/Pods-Vi/Pods-Vi.release.xcconfig"; sourceTree = "<group>"; };
		83303FD81BDEA3990024A10D /* LibraryNavController.swift */ = {isa = PBXFileReference; fileEncoding = 4; lastKnownFileType = sourcecode.swift; path = LibraryNavController.swift; sourceTree = "<group>"; };
		83391CD91BD9B008005924DB /* NavigatorViewController.swift */ = {isa = PBXFileReference; fileEncoding = 4; lastKnownFileType = sourcecode.swift; path = NavigatorViewController.swift; sourceTree = "<group>"; };
		8352C65B1BD6A5DA007B3F5F /* Vi.app */ = {isa = PBXFileReference; explicitFileType = wrapper.application; includeInIndex = 0; path = Vi.app; sourceTree = BUILT_PRODUCTS_DIR; };
		8352C65E1BD6A5DA007B3F5F /* AppDelegate.swift */ = {isa = PBXFileReference; lastKnownFileType = sourcecode.swift; path = AppDelegate.swift; sourceTree = "<group>"; };
		8352C6651BD6A5DA007B3F5F /* Base */ = {isa = PBXFileReference; lastKnownFileType = file.storyboard; name = Base; path = Base.lproj/Main.storyboard; sourceTree = "<group>"; };
		8352C6671BD6A5DA007B3F5F /* Assets.xcassets */ = {isa = PBXFileReference; lastKnownFileType = folder.assetcatalog; path = Assets.xcassets; sourceTree = "<group>"; };
		8352C66A1BD6A5DA007B3F5F /* Base */ = {isa = PBXFileReference; lastKnownFileType = file.storyboard; name = Base; path = Base.lproj/LaunchScreen.storyboard; sourceTree = "<group>"; };
		8352C66C1BD6A5DA007B3F5F /* Info.plist */ = {isa = PBXFileReference; lastKnownFileType = text.plist.xml; path = Info.plist; sourceTree = "<group>"; };
		8352C6711BD6A5DA007B3F5F /* ViTests.xctest */ = {isa = PBXFileReference; explicitFileType = wrapper.cfbundle; includeInIndex = 0; path = ViTests.xctest; sourceTree = BUILT_PRODUCTS_DIR; };
		8352C6751BD6A5DA007B3F5F /* ViTests.swift */ = {isa = PBXFileReference; lastKnownFileType = sourcecode.swift; path = ViTests.swift; sourceTree = "<group>"; };
		8352C6771BD6A5DA007B3F5F /* Info.plist */ = {isa = PBXFileReference; lastKnownFileType = text.plist.xml; path = Info.plist; sourceTree = "<group>"; };
		8352C67C1BD6A5DA007B3F5F /* ViUITests.xctest */ = {isa = PBXFileReference; explicitFileType = wrapper.cfbundle; includeInIndex = 0; path = ViUITests.xctest; sourceTree = BUILT_PRODUCTS_DIR; };
		8352C6801BD6A5DA007B3F5F /* ViUITests.swift */ = {isa = PBXFileReference; lastKnownFileType = sourcecode.swift; path = ViUITests.swift; sourceTree = "<group>"; };
		8352C6821BD6A5DA007B3F5F /* Info.plist */ = {isa = PBXFileReference; lastKnownFileType = text.plist.xml; path = Info.plist; sourceTree = "<group>"; };
		836DA7DF1BDC46580031D676 /* Roboto-Regular.ttf */ = {isa = PBXFileReference; lastKnownFileType = file; path = "Roboto-Regular.ttf"; sourceTree = "<group>"; };
		836DA7E01BDC471F0031D676 /* Lato-Regular.ttf */ = {isa = PBXFileReference; lastKnownFileType = file; path = "Lato-Regular.ttf"; sourceTree = "<group>"; };
		836DA7E11BDC477D0031D676 /* SF-UI-Display-Regular.otf */ = {isa = PBXFileReference; lastKnownFileType = file; path = "SF-UI-Display-Regular.otf"; sourceTree = "<group>"; };
		837815BB1BDEE2C80049FEBE /* Base */ = {isa = PBXFileReference; lastKnownFileType = file.storyboard; name = Base; path = Base.lproj/Library.storyboard; sourceTree = "<group>"; };
		83CDBF721BE12D5C0053D4BA /* Launch Screen.storyboard */ = {isa = PBXFileReference; fileEncoding = 4; lastKnownFileType = file.storyboard; path = "Launch Screen.storyboard"; sourceTree = "<group>"; };
		83CDBF741BE12E930053D4BA /* chris.png */ = {isa = PBXFileReference; lastKnownFileType = image.png; path = chris.png; sourceTree = "<group>"; };
		8D43755505FD9E0E43C57065 /* Pods_ViTests.framework */ = {isa = PBXFileReference; explicitFileType = wrapper.framework; includeInIndex = 0; path = Pods_ViTests.framework; sourceTree = BUILT_PRODUCTS_DIR; };
		A4EE609C1BED1A14BD74639E /* Pods_Vi.framework */ = {isa = PBXFileReference; explicitFileType = wrapper.framework; includeInIndex = 0; path = Pods_Vi.framework; sourceTree = BUILT_PRODUCTS_DIR; };
		A8669FC4F92925624489158A /* Pods_ViUITests.framework */ = {isa = PBXFileReference; explicitFileType = wrapper.framework; includeInIndex = 0; path = Pods_ViUITests.framework; sourceTree = BUILT_PRODUCTS_DIR; };
		ACD58AEFFDF83F26FFDC68EE /* Pods-ViUITests.debug.xcconfig */ = {isa = PBXFileReference; includeInIndex = 1; lastKnownFileType = text.xcconfig; name = "Pods-ViUITests.debug.xcconfig"; path = "Pods/Target Support Files/Pods-ViUITests/Pods-ViUITests.debug.xcconfig"; sourceTree = "<group>"; };
		EC2350A91BDEEC8500547EC4 /* Authentication.swift */ = {isa = PBXFileReference; fileEncoding = 4; lastKnownFileType = sourcecode.swift; path = Authentication.swift; sourceTree = "<group>"; };
		EC2CBFB21BD85C6100F2D05C /* TextToSpeech.swift */ = {isa = PBXFileReference; fileEncoding = 4; lastKnownFileType = sourcecode.swift; path = TextToSpeech.swift; sourceTree = "<group>"; };
		EC30DF6C1BDF3745001493F2 /* start_listening.wav */ = {isa = PBXFileReference; lastKnownFileType = audio.wav; path = start_listening.wav; sourceTree = "<group>"; };
		EC4D3AE11BDB4618008C245F /* SystemConfiguration.framework */ = {isa = PBXFileReference; lastKnownFileType = wrapper.framework; name = SystemConfiguration.framework; path = System/Library/Frameworks/SystemConfiguration.framework; sourceTree = SDKROOT; };
		EC8F9AB21BD9D4F2001A7CCD /* ViTests-Bridging-Header.h */ = {isa = PBXFileReference; lastKnownFileType = sourcecode.c.h; path = "ViTests-Bridging-Header.h"; sourceTree = "<group>"; };
		EC8F9AB31BD9D4F2001A7CCD /* ViUITests-Bridging-Header.h */ = {isa = PBXFileReference; lastKnownFileType = sourcecode.c.h; path = "ViUITests-Bridging-Header.h"; sourceTree = "<group>"; };
		EC90FC381BDB046D00F60AE9 /* HomeViewController.swift */ = {isa = PBXFileReference; fileEncoding = 4; lastKnownFileType = sourcecode.swift; path = HomeViewController.swift; sourceTree = "<group>"; };
		EC90FC421BDB3EFA00F60AE9 /* NuanceHeader.m */ = {isa = PBXFileReference; fileEncoding = 4; lastKnownFileType = sourcecode.c.objc; path = NuanceHeader.m; sourceTree = "<group>"; };
		EC90FC461BDB3F2900F60AE9 /* NuanceHeader.h */ = {isa = PBXFileReference; fileEncoding = 4; lastKnownFileType = sourcecode.c.h; path = NuanceHeader.h; sourceTree = "<group>"; };
		EC90FC4D1BDB44CB00F60AE9 /* SpeechKit.framework */ = {isa = PBXFileReference; lastKnownFileType = wrapper.framework; path = SpeechKit.framework; sourceTree = "<group>"; };
		EC90FC6F1BDB459100F60AE9 /* UIKit.framework */ = {isa = PBXFileReference; lastKnownFileType = wrapper.framework; name = UIKit.framework; path = System/Library/Frameworks/UIKit.framework; sourceTree = SDKROOT; };
		EC90FC711BDB459700F60AE9 /* AudioToolbox.framework */ = {isa = PBXFileReference; lastKnownFileType = wrapper.framework; name = AudioToolbox.framework; path = System/Library/Frameworks/AudioToolbox.framework; sourceTree = SDKROOT; };
		EC90FC731BDB459D00F60AE9 /* AVFoundation.framework */ = {isa = PBXFileReference; lastKnownFileType = wrapper.framework; name = AVFoundation.framework; path = System/Library/Frameworks/AVFoundation.framework; sourceTree = SDKROOT; };
		EC90FC751BDB45AB00F60AE9 /* CFNetwork.framework */ = {isa = PBXFileReference; lastKnownFileType = wrapper.framework; name = CFNetwork.framework; path = System/Library/Frameworks/CFNetwork.framework; sourceTree = SDKROOT; };
		EC90FC771BDB45B000F60AE9 /* CoreGraphics.framework */ = {isa = PBXFileReference; lastKnownFileType = wrapper.framework; name = CoreGraphics.framework; path = System/Library/Frameworks/CoreGraphics.framework; sourceTree = SDKROOT; };
		EC90FC791BDB45BD00F60AE9 /* Foundation.framework */ = {isa = PBXFileReference; lastKnownFileType = wrapper.framework; name = Foundation.framework; path = System/Library/Frameworks/Foundation.framework; sourceTree = SDKROOT; };
		EC90FC7B1BDB45C700F60AE9 /* Security.framework */ = {isa = PBXFileReference; lastKnownFileType = wrapper.framework; name = Security.framework; path = System/Library/Frameworks/Security.framework; sourceTree = SDKROOT; };
		ECBD06051BDC9AA500AB9C01 /* transcriptLabel.swift */ = {isa = PBXFileReference; fileEncoding = 4; lastKnownFileType = sourcecode.swift; path = transcriptLabel.swift; sourceTree = "<group>"; };
		ECD639C11BD99819008530A4 /* viSun.png */ = {isa = PBXFileReference; lastKnownFileType = image.png; path = viSun.png; sourceTree = "<group>"; };
		ECF6003E1BD80B5300751275 /* Vi-Bridging-Header.h */ = {isa = PBXFileReference; fileEncoding = 4; lastKnownFileType = sourcecode.c.h; path = "Vi-Bridging-Header.h"; sourceTree = "<group>"; };
		FE03DF245C4E56D5808E49D8 /* Pods-Vi.debug.xcconfig */ = {isa = PBXFileReference; includeInIndex = 1; lastKnownFileType = text.xcconfig; name = "Pods-Vi.debug.xcconfig"; path = "Pods/Target Support Files/Pods-Vi/Pods-Vi.debug.xcconfig"; sourceTree = "<group>"; };
/* End PBXFileReference section */

/* Begin PBXFrameworksBuildPhase section */
		8352C6581BD6A5DA007B3F5F /* Frameworks */ = {
			isa = PBXFrameworksBuildPhase;
			buildActionMask = 2147483647;
			files = (
				EC4D3AE21BDB4618008C245F /* SystemConfiguration.framework in Frameworks */,
				EC90FC7C1BDB45C700F60AE9 /* Security.framework in Frameworks */,
				EC90FC7A1BDB45BD00F60AE9 /* Foundation.framework in Frameworks */,
				EC90FC781BDB45B000F60AE9 /* CoreGraphics.framework in Frameworks */,
				EC90FC761BDB45AB00F60AE9 /* CFNetwork.framework in Frameworks */,
				EC90FC741BDB459D00F60AE9 /* AVFoundation.framework in Frameworks */,
				EC90FC721BDB459700F60AE9 /* AudioToolbox.framework in Frameworks */,
				EC90FC701BDB459100F60AE9 /* UIKit.framework in Frameworks */,
				EC90FC621BDB44CB00F60AE9 /* SpeechKit.framework in Frameworks */,
				B766D0BDF98CFBFA1B4C3942 /* Pods_Vi.framework in Frameworks */,
			);
			runOnlyForDeploymentPostprocessing = 0;
		};
		8352C66E1BD6A5DA007B3F5F /* Frameworks */ = {
			isa = PBXFrameworksBuildPhase;
			buildActionMask = 2147483647;
			files = (
				EC90FC631BDB44CB00F60AE9 /* SpeechKit.framework in Frameworks */,
				4157A4720162F2F25EB1D1E2 /* Pods_ViTests.framework in Frameworks */,
			);
			runOnlyForDeploymentPostprocessing = 0;
		};
		8352C6791BD6A5DA007B3F5F /* Frameworks */ = {
			isa = PBXFrameworksBuildPhase;
			buildActionMask = 2147483647;
			files = (
				EC90FC641BDB44CB00F60AE9 /* SpeechKit.framework in Frameworks */,
				8CEE63402734D740A43E0B7F /* Pods_ViUITests.framework in Frameworks */,
			);
			runOnlyForDeploymentPostprocessing = 0;
		};
/* End PBXFrameworksBuildPhase section */

/* Begin PBXGroup section */
		0555B9831BDEECCF00C41580 /* DataModel */ = {
			isa = PBXGroup;
			children = (
				0555B9841BDEECFC00C41580 /* Settings.swift */,
				0555B98C1BDEEE7300C41580 /* ViData.xcdatamodeld */,
			);
			name = DataModel;
			sourceTree = "<group>";
		};
		1F3E009C87B731B6C58FFCD0 /* Frameworks */ = {
			isa = PBXGroup;
			children = (
				A4EE609C1BED1A14BD74639E /* Pods_Vi.framework */,
				8D43755505FD9E0E43C57065 /* Pods_ViTests.framework */,
				A8669FC4F92925624489158A /* Pods_ViUITests.framework */,
			);
			name = Frameworks;
			sourceTree = "<group>";
		};
		66656589EB2E88BC597E4AD2 /* Pods */ = {
			isa = PBXGroup;
			children = (
				FE03DF245C4E56D5808E49D8 /* Pods-Vi.debug.xcconfig */,
				821CC986ED395AD825E44B5E /* Pods-Vi.release.xcconfig */,
				494E34089B254FB16BC192F1 /* Pods-ViTests.debug.xcconfig */,
				472C346C0DEEB63EF78834A7 /* Pods-ViTests.release.xcconfig */,
				ACD58AEFFDF83F26FFDC68EE /* Pods-ViUITests.debug.xcconfig */,
				1B71BEC2CC252775D10FD1CC /* Pods-ViUITests.release.xcconfig */,
			);
			name = Pods;
			sourceTree = "<group>";
		};
		83391CD81BD9AFF6005924DB /* Navigator */ = {
			isa = PBXGroup;
			children = (
				83391CD91BD9B008005924DB /* NavigatorViewController.swift */,
			);
			name = Navigator;
			sourceTree = "<group>";
		};
		8352C6521BD6A5DA007B3F5F = {
			isa = PBXGroup;
			children = (
				EC8F9AB81BD9D501001A7CCD /* BridgingHeaders */,
				8352C65D1BD6A5DA007B3F5F /* Vi */,
				8352C6741BD6A5DA007B3F5F /* ViTests */,
				8352C67F1BD6A5DA007B3F5F /* ViUITests */,
				8352C65C1BD6A5DA007B3F5F /* Products */,
				ECF6000A1BD7FAF100751275 /* Libraries */,
				66656589EB2E88BC597E4AD2 /* Pods */,
				1F3E009C87B731B6C58FFCD0 /* Frameworks */,
			);
			sourceTree = "<group>";
		};
		8352C65C1BD6A5DA007B3F5F /* Products */ = {
			isa = PBXGroup;
			children = (
				8352C65B1BD6A5DA007B3F5F /* Vi.app */,
				8352C6711BD6A5DA007B3F5F /* ViTests.xctest */,
				8352C67C1BD6A5DA007B3F5F /* ViUITests.xctest */,
			);
			name = Products;
			sourceTree = "<group>";
		};
		8352C65D1BD6A5DA007B3F5F /* Vi */ = {
			isa = PBXGroup;
			children = (
				0555B9831BDEECCF00C41580 /* DataModel */,
				EC2350A81BDEEC7100547EC4 /* Authentication */,
				ECBD06041BDC9A9000AB9C01 /* UI */,
				83391CD81BD9AFF6005924DB /* Navigator */,
				EC9163CC1BD960F500401DC6 /* Extras */,
				EC9163CB1BD960E300401DC6 /* Assets */,
				EC2CBFB11BD85C5100F2D05C /* TextToSpeech */,
				8352C6951BD6BD3A007B3F5F /* Plugins */,
				8352C6941BD6BD34007B3F5F /* Home */,
				8352C6931BD6BD2F007B3F5F /* Library */,
				8352C6921BD6BD28007B3F5F /* Settings */,
				8352C65E1BD6A5DA007B3F5F /* AppDelegate.swift */,
				8352C6641BD6A5DA007B3F5F /* Main.storyboard */,
				83CDBF721BE12D5C0053D4BA /* Launch Screen.storyboard */,
			);
			path = Vi;
			sourceTree = "<group>";
		};
		8352C6741BD6A5DA007B3F5F /* ViTests */ = {
			isa = PBXGroup;
			children = (
				8352C6751BD6A5DA007B3F5F /* ViTests.swift */,
				8352C6771BD6A5DA007B3F5F /* Info.plist */,
			);
			path = ViTests;
			sourceTree = "<group>";
		};
		8352C67F1BD6A5DA007B3F5F /* ViUITests */ = {
			isa = PBXGroup;
			children = (
				8352C6801BD6A5DA007B3F5F /* ViUITests.swift */,
				8352C6821BD6A5DA007B3F5F /* Info.plist */,
			);
			path = ViUITests;
			sourceTree = "<group>";
		};
		8352C6921BD6BD28007B3F5F /* Settings */ = {
			isa = PBXGroup;
			children = (
				05CBBFC11BD6BE3500227BDC /* SettingsViewController.swift */,
				53C09A701BDB00B70080CD62 /* Settings.storyboard */,
			);
			name = Settings;
			sourceTree = "<group>";
		};
		8352C6931BD6BD2F007B3F5F /* Library */ = {
			isa = PBXGroup;
			children = (
				837815BA1BDEE2C80049FEBE /* Library.storyboard */,
				05BC1C8D1BD8551A00D47DAB /* App.swift */,
				05BC1C8E1BD8551A00D47DAB /* AppInfoViewController.swift */,
				05BC1C8F1BD8551A00D47DAB /* LibraryViewController.swift */,
				05BC1C901BD8551A00D47DAB /* DummyData.swift */,
				05B02BF91BDAA79B0057C80C /* CellView.swift */,
				83303FD81BDEA3990024A10D /* LibraryNavController.swift */,
			);
			name = Library;
			sourceTree = "<group>";
		};
		8352C6941BD6BD34007B3F5F /* Home */ = {
			isa = PBXGroup;
			children = (
				53C09A7D1BDB01C30080CD62 /* Home.storyboard */,
				EC90FC381BDB046D00F60AE9 /* HomeViewController.swift */,
			);
			name = Home;
			sourceTree = "<group>";
		};
		8352C6951BD6BD3A007B3F5F /* Plugins */ = {
			isa = PBXGroup;
			children = (
				53060AA01BD98F6D008AE89A /* PluginsViewController.swift */,
				53C09A731BDB00F00080CD62 /* Plugins.storyboard */,
			);
			name = Plugins;
			sourceTree = "<group>";
		};
		EC2350A81BDEEC7100547EC4 /* Authentication */ = {
			isa = PBXGroup;
			children = (
				EC2350A91BDEEC8500547EC4 /* Authentication.swift */,
			);
			name = Authentication;
			path = ..;
			sourceTree = "<group>";
		};
		EC2CBFB11BD85C5100F2D05C /* TextToSpeech */ = {
			isa = PBXGroup;
			children = (
				EC2CBFB21BD85C6100F2D05C /* TextToSpeech.swift */,
			);
			name = TextToSpeech;
			sourceTree = "<group>";
		};
		EC8F9AB81BD9D501001A7CCD /* BridgingHeaders */ = {
			isa = PBXGroup;
			children = (
				ECF6003E1BD80B5300751275 /* Vi-Bridging-Header.h */,
				EC8F9AB21BD9D4F2001A7CCD /* ViTests-Bridging-Header.h */,
				EC8F9AB31BD9D4F2001A7CCD /* ViUITests-Bridging-Header.h */,
				EC90FC461BDB3F2900F60AE9 /* NuanceHeader.h */,
				EC90FC421BDB3EFA00F60AE9 /* NuanceHeader.m */,
			);
			name = BridgingHeaders;
			sourceTree = "<group>";
		};
		EC9163CB1BD960E300401DC6 /* Assets */ = {
			isa = PBXGroup;
			children = (
				83CDBF741BE12E930053D4BA /* chris.png */,
				53447A261BD848EC00282C54 /* dog.jpg */,
				53060AA21BD99195008AE89A /* image1.png */,
				53060AA31BD99195008AE89A /* image2.png */,
				53060AA41BD99195008AE89A /* image3.png */,
				53060AA51BD99195008AE89A /* image4.png */,
				53060AA61BD99195008AE89A /* image5.png */,
				53060AA71BD99195008AE89A /* image6.png */,
				53060AA81BD99195008AE89A /* image7.png */,
				EC30DF6C1BDF3745001493F2 /* start_listening.wav */,
				53060AA91BD99195008AE89A /* image8.png */,
				8352C6671BD6A5DA007B3F5F /* Assets.xcassets */,
				ECD639C11BD99819008530A4 /* viSun.png */,
			);
			name = Assets;
			sourceTree = "<group>";
		};
		EC9163CC1BD960F500401DC6 /* Extras */ = {
			isa = PBXGroup;
			children = (
				8352C6691BD6A5DA007B3F5F /* LaunchScreen.storyboard */,
				8352C66C1BD6A5DA007B3F5F /* Info.plist */,
			);
			name = Extras;
			sourceTree = "<group>";
		};
		ECBD06041BDC9A9000AB9C01 /* UI */ = {
			isa = PBXGroup;
			children = (
				ECBD06051BDC9AA500AB9C01 /* transcriptLabel.swift */,
			);
			name = UI;
			sourceTree = "<group>";
		};
		ECF6000A1BD7FAF100751275 /* Libraries */ = {
			isa = PBXGroup;
			children = (
				836DA7E11BDC477D0031D676 /* SF-UI-Display-Regular.otf */,
				836DA7E01BDC471F0031D676 /* Lato-Regular.ttf */,
				836DA7DF1BDC46580031D676 /* Roboto-Regular.ttf */,
				EC4D3AE11BDB4618008C245F /* SystemConfiguration.framework */,
				EC90FC7B1BDB45C700F60AE9 /* Security.framework */,
				EC90FC791BDB45BD00F60AE9 /* Foundation.framework */,
				EC90FC771BDB45B000F60AE9 /* CoreGraphics.framework */,
				EC90FC751BDB45AB00F60AE9 /* CFNetwork.framework */,
				EC90FC731BDB459D00F60AE9 /* AVFoundation.framework */,
				EC90FC711BDB459700F60AE9 /* AudioToolbox.framework */,
				EC90FC6F1BDB459100F60AE9 /* UIKit.framework */,
				EC90FC4D1BDB44CB00F60AE9 /* SpeechKit.framework */,
			);
			name = Libraries;
			sourceTree = "<group>";
		};
/* End PBXGroup section */

/* Begin PBXNativeTarget section */
		8352C65A1BD6A5DA007B3F5F /* Vi */ = {
			isa = PBXNativeTarget;
			buildConfigurationList = 8352C6851BD6A5DA007B3F5F /* Build configuration list for PBXNativeTarget "Vi" */;
			buildPhases = (
				E9CC239F34DBC920B6DBAEF2 /* Check Pods Manifest.lock */,
				8352C6571BD6A5DA007B3F5F /* Sources */,
				8352C6581BD6A5DA007B3F5F /* Frameworks */,
				8352C6591BD6A5DA007B3F5F /* Resources */,
				7BEBD62AD65643707820F88B /* Embed Pods Frameworks */,
				954C43E081CF052A8F206335 /* Copy Pods Resources */,
			);
			buildRules = (
			);
			dependencies = (
			);
			name = Vi;
			productName = Vi;
			productReference = 8352C65B1BD6A5DA007B3F5F /* Vi.app */;
			productType = "com.apple.product-type.application";
		};
		8352C6701BD6A5DA007B3F5F /* ViTests */ = {
			isa = PBXNativeTarget;
			buildConfigurationList = 8352C6881BD6A5DA007B3F5F /* Build configuration list for PBXNativeTarget "ViTests" */;
			buildPhases = (
				CAA56C27AF7FDB9873A293ED /* Check Pods Manifest.lock */,
				8352C66D1BD6A5DA007B3F5F /* Sources */,
				8352C66E1BD6A5DA007B3F5F /* Frameworks */,
				8352C66F1BD6A5DA007B3F5F /* Resources */,
				39E51FF3EFECAFEAF607C1CB /* Embed Pods Frameworks */,
				CCA09802ADAB41CEE8B613FD /* Copy Pods Resources */,
			);
			buildRules = (
			);
			dependencies = (
				8352C6731BD6A5DA007B3F5F /* PBXTargetDependency */,
			);
			name = ViTests;
			productName = ViTests;
			productReference = 8352C6711BD6A5DA007B3F5F /* ViTests.xctest */;
			productType = "com.apple.product-type.bundle.unit-test";
		};
		8352C67B1BD6A5DA007B3F5F /* ViUITests */ = {
			isa = PBXNativeTarget;
			buildConfigurationList = 8352C68B1BD6A5DA007B3F5F /* Build configuration list for PBXNativeTarget "ViUITests" */;
			buildPhases = (
				7A27AA4C6BB0D2AE5E71C870 /* Check Pods Manifest.lock */,
				8352C6781BD6A5DA007B3F5F /* Sources */,
				8352C6791BD6A5DA007B3F5F /* Frameworks */,
				8352C67A1BD6A5DA007B3F5F /* Resources */,
				AD9CB39F6E4976B49F83AEB6 /* Copy Pods Resources */,
			);
			buildRules = (
			);
			dependencies = (
				8352C67E1BD6A5DA007B3F5F /* PBXTargetDependency */,
			);
			name = ViUITests;
			productName = ViUITests;
			productReference = 8352C67C1BD6A5DA007B3F5F /* ViUITests.xctest */;
			productType = "com.apple.product-type.bundle.ui-testing";
		};
/* End PBXNativeTarget section */

/* Begin PBXProject section */
		8352C6531BD6A5DA007B3F5F /* Project object */ = {
			isa = PBXProject;
			attributes = {
				LastSwiftUpdateCheck = 0700;
				LastUpgradeCheck = 0700;
				ORGANIZATIONNAME = Vi;
				TargetAttributes = {
					8352C65A1BD6A5DA007B3F5F = {
						CreatedOnToolsVersion = 7.0.1;
						DevelopmentTeam = JZ8SB8N6S9;
					};
					8352C6701BD6A5DA007B3F5F = {
						CreatedOnToolsVersion = 7.0.1;
						TestTargetID = 8352C65A1BD6A5DA007B3F5F;
					};
					8352C67B1BD6A5DA007B3F5F = {
						CreatedOnToolsVersion = 7.0.1;
						TestTargetID = 8352C65A1BD6A5DA007B3F5F;
					};
				};
			};
			buildConfigurationList = 8352C6561BD6A5DA007B3F5F /* Build configuration list for PBXProject "Vi" */;
			compatibilityVersion = "Xcode 3.2";
			developmentRegion = English;
			hasScannedForEncodings = 0;
			knownRegions = (
				en,
				Base,
			);
			mainGroup = 8352C6521BD6A5DA007B3F5F;
			productRefGroup = 8352C65C1BD6A5DA007B3F5F /* Products */;
			projectDirPath = "";
			projectRoot = "";
			targets = (
				8352C65A1BD6A5DA007B3F5F /* Vi */,
				8352C6701BD6A5DA007B3F5F /* ViTests */,
				8352C67B1BD6A5DA007B3F5F /* ViUITests */,
			);
		};
/* End PBXProject section */

/* Begin PBXResourcesBuildPhase section */
		8352C6591BD6A5DA007B3F5F /* Resources */ = {
			isa = PBXResourcesBuildPhase;
			buildActionMask = 2147483647;
			files = (
				83303FD71BDE9AD60024A10D /* Roboto-Regular.ttf in Resources */,
				83303FD61BDE9AD00024A10D /* SF-UI-Display-Regular.otf in Resources */,
				837815BC1BDEE2C80049FEBE /* Library.storyboard in Resources */,
				83303FD51BDE9AC90024A10D /* Lato-Regular.ttf in Resources */,
				53060AAD1BD99195008AE89A /* image4.png in Resources */,
				53C09A721BDB00B70080CD62 /* Settings.storyboard in Resources */,
				83CDBF731BE12D5C0053D4BA /* Launch Screen.storyboard in Resources */,
				53060AAF1BD99195008AE89A /* image6.png in Resources */,
				53447A271BD848EC00282C54 /* dog.jpg in Resources */,
				EC30DF6D1BDF3745001493F2 /* start_listening.wav in Resources */,
				53C09A7E1BDB01C30080CD62 /* Home.storyboard in Resources */,
				8352C66B1BD6A5DA007B3F5F /* LaunchScreen.storyboard in Resources */,
				53060AAA1BD99195008AE89A /* image1.png in Resources */,
				83CDBF751BE12E930053D4BA /* chris.png in Resources */,
				53060AB01BD99195008AE89A /* image7.png in Resources */,
				8352C6681BD6A5DA007B3F5F /* Assets.xcassets in Resources */,
				ECD639C21BD99819008530A4 /* viSun.png in Resources */,
				53060AB11BD99195008AE89A /* image8.png in Resources */,
				8352C6661BD6A5DA007B3F5F /* Main.storyboard in Resources */,
				53060AAC1BD99195008AE89A /* image3.png in Resources */,
				53060AAB1BD99195008AE89A /* image2.png in Resources */,
				53C09A741BDB00F00080CD62 /* Plugins.storyboard in Resources */,
				53060AAE1BD99195008AE89A /* image5.png in Resources */,
			);
			runOnlyForDeploymentPostprocessing = 0;
		};
		8352C66F1BD6A5DA007B3F5F /* Resources */ = {
			isa = PBXResourcesBuildPhase;
			buildActionMask = 2147483647;
			files = (
			);
			runOnlyForDeploymentPostprocessing = 0;
		};
		8352C67A1BD6A5DA007B3F5F /* Resources */ = {
			isa = PBXResourcesBuildPhase;
			buildActionMask = 2147483647;
			files = (
			);
			runOnlyForDeploymentPostprocessing = 0;
		};
/* End PBXResourcesBuildPhase section */

/* Begin PBXShellScriptBuildPhase section */
		39E51FF3EFECAFEAF607C1CB /* Embed Pods Frameworks */ = {
			isa = PBXShellScriptBuildPhase;
			buildActionMask = 2147483647;
			files = (
			);
			inputPaths = (
			);
			name = "Embed Pods Frameworks";
			outputPaths = (
			);
			runOnlyForDeploymentPostprocessing = 0;
			shellPath = /bin/sh;
			shellScript = "\"${SRCROOT}/Pods/Target Support Files/Pods-ViTests/Pods-ViTests-frameworks.sh\"\n";
			showEnvVarsInLog = 0;
		};
		7A27AA4C6BB0D2AE5E71C870 /* Check Pods Manifest.lock */ = {
			isa = PBXShellScriptBuildPhase;
			buildActionMask = 2147483647;
			files = (
			);
			inputPaths = (
			);
			name = "Check Pods Manifest.lock";
			outputPaths = (
			);
			runOnlyForDeploymentPostprocessing = 0;
			shellPath = /bin/sh;
			shellScript = "diff \"${PODS_ROOT}/../Podfile.lock\" \"${PODS_ROOT}/Manifest.lock\" > /dev/null\nif [[ $? != 0 ]] ; then\n    cat << EOM\nerror: The sandbox is not in sync with the Podfile.lock. Run 'pod install' or update your CocoaPods installation.\nEOM\n    exit 1\nfi\n";
			showEnvVarsInLog = 0;
		};
		7BEBD62AD65643707820F88B /* Embed Pods Frameworks */ = {
			isa = PBXShellScriptBuildPhase;
			buildActionMask = 2147483647;
			files = (
			);
			inputPaths = (
			);
			name = "Embed Pods Frameworks";
			outputPaths = (
			);
			runOnlyForDeploymentPostprocessing = 0;
			shellPath = /bin/sh;
			shellScript = "\"${SRCROOT}/Pods/Target Support Files/Pods-Vi/Pods-Vi-frameworks.sh\"\n";
			showEnvVarsInLog = 0;
		};
		954C43E081CF052A8F206335 /* Copy Pods Resources */ = {
			isa = PBXShellScriptBuildPhase;
			buildActionMask = 2147483647;
			files = (
			);
			inputPaths = (
			);
			name = "Copy Pods Resources";
			outputPaths = (
			);
			runOnlyForDeploymentPostprocessing = 0;
			shellPath = /bin/sh;
			shellScript = "\"${SRCROOT}/Pods/Target Support Files/Pods-Vi/Pods-Vi-resources.sh\"\n";
			showEnvVarsInLog = 0;
		};
		AD9CB39F6E4976B49F83AEB6 /* Copy Pods Resources */ = {
			isa = PBXShellScriptBuildPhase;
			buildActionMask = 2147483647;
			files = (
			);
			inputPaths = (
			);
			name = "Copy Pods Resources";
			outputPaths = (
			);
			runOnlyForDeploymentPostprocessing = 0;
			shellPath = /bin/sh;
			shellScript = "\"${SRCROOT}/Pods/Target Support Files/Pods-ViUITests/Pods-ViUITests-resources.sh\"\n";
			showEnvVarsInLog = 0;
		};
		CAA56C27AF7FDB9873A293ED /* Check Pods Manifest.lock */ = {
			isa = PBXShellScriptBuildPhase;
			buildActionMask = 2147483647;
			files = (
			);
			inputPaths = (
			);
			name = "Check Pods Manifest.lock";
			outputPaths = (
			);
			runOnlyForDeploymentPostprocessing = 0;
			shellPath = /bin/sh;
			shellScript = "diff \"${PODS_ROOT}/../Podfile.lock\" \"${PODS_ROOT}/Manifest.lock\" > /dev/null\nif [[ $? != 0 ]] ; then\n    cat << EOM\nerror: The sandbox is not in sync with the Podfile.lock. Run 'pod install' or update your CocoaPods installation.\nEOM\n    exit 1\nfi\n";
			showEnvVarsInLog = 0;
		};
		CCA09802ADAB41CEE8B613FD /* Copy Pods Resources */ = {
			isa = PBXShellScriptBuildPhase;
			buildActionMask = 2147483647;
			files = (
			);
			inputPaths = (
			);
			name = "Copy Pods Resources";
			outputPaths = (
			);
			runOnlyForDeploymentPostprocessing = 0;
			shellPath = /bin/sh;
			shellScript = "\"${SRCROOT}/Pods/Target Support Files/Pods-ViTests/Pods-ViTests-resources.sh\"\n";
			showEnvVarsInLog = 0;
		};
		E9CC239F34DBC920B6DBAEF2 /* Check Pods Manifest.lock */ = {
			isa = PBXShellScriptBuildPhase;
			buildActionMask = 2147483647;
			files = (
			);
			inputPaths = (
			);
			name = "Check Pods Manifest.lock";
			outputPaths = (
			);
			runOnlyForDeploymentPostprocessing = 0;
			shellPath = /bin/sh;
			shellScript = "diff \"${PODS_ROOT}/../Podfile.lock\" \"${PODS_ROOT}/Manifest.lock\" > /dev/null\nif [[ $? != 0 ]] ; then\n    cat << EOM\nerror: The sandbox is not in sync with the Podfile.lock. Run 'pod install' or update your CocoaPods installation.\nEOM\n    exit 1\nfi\n";
			showEnvVarsInLog = 0;
		};
/* End PBXShellScriptBuildPhase section */

/* Begin PBXSourcesBuildPhase section */
		8352C6571BD6A5DA007B3F5F /* Sources */ = {
			isa = PBXSourcesBuildPhase;
			buildActionMask = 2147483647;
			files = (
				83303FD91BDEA3990024A10D /* LibraryNavController.swift in Sources */,
				53060AA11BD98F6D008AE89A /* PluginsViewController.swift in Sources */,
				05BC1C9A1BD8551A00D47DAB /* DummyData.swift in Sources */,
				8352C65F1BD6A5DA007B3F5F /* AppDelegate.swift in Sources */,
				0555B98E1BDEEE7300C41580 /* ViData.xcdatamodeld in Sources */,
				83391CDA1BD9B008005924DB /* NavigatorViewController.swift in Sources */,
				EC90FC431BDB3EFA00F60AE9 /* NuanceHeader.m in Sources */,
				05CBBFC21BD6BE3500227BDC /* SettingsViewController.swift in Sources */,
				05B02BFA1BDAA79B0057C80C /* CellView.swift in Sources */,
				EC2350AA1BDEEC8500547EC4 /* Authentication.swift in Sources */,
				05BC1C911BD8551A00D47DAB /* App.swift in Sources */,
				0555B9851BDEECFC00C41580 /* Settings.swift in Sources */,
				EC90FC391BDB046D00F60AE9 /* HomeViewController.swift in Sources */,
				05BC1C971BD8551A00D47DAB /* LibraryViewController.swift in Sources */,
				05BC1C941BD8551A00D47DAB /* AppInfoViewController.swift in Sources */,
				EC2CBFB31BD85C6100F2D05C /* TextToSpeech.swift in Sources */,
				ECBD06061BDC9AA500AB9C01 /* transcriptLabel.swift in Sources */,
			);
			runOnlyForDeploymentPostprocessing = 0;
		};
		8352C66D1BD6A5DA007B3F5F /* Sources */ = {
			isa = PBXSourcesBuildPhase;
			buildActionMask = 2147483647;
			files = (
				05BC1C9B1BD8551A00D47DAB /* DummyData.swift in Sources */,
				8352C6761BD6A5DA007B3F5F /* ViTests.swift in Sources */,
				05B02BFB1BDAA79B0057C80C /* CellView.swift in Sources */,
				05CBBFC31BD6BE3500227BDC /* SettingsViewController.swift in Sources */,
				0555B98F1BDEEE7300C41580 /* ViData.xcdatamodeld in Sources */,
				EC90FC441BDB3EFA00F60AE9 /* NuanceHeader.m in Sources */,
				05BC1C921BD8551A00D47DAB /* App.swift in Sources */,
				0555B9861BDEECFC00C41580 /* Settings.swift in Sources */,
				05BC1C981BD8551A00D47DAB /* LibraryViewController.swift in Sources */,
				05BC1C951BD8551A00D47DAB /* AppInfoViewController.swift in Sources */,
			);
			runOnlyForDeploymentPostprocessing = 0;
		};
		8352C6781BD6A5DA007B3F5F /* Sources */ = {
			isa = PBXSourcesBuildPhase;
			buildActionMask = 2147483647;
			files = (
				05BC1C9C1BD8551A00D47DAB /* DummyData.swift in Sources */,
				8352C6811BD6A5DA007B3F5F /* ViUITests.swift in Sources */,
				05B02BFC1BDAA79B0057C80C /* CellView.swift in Sources */,
				05CBBFC41BD6BE3500227BDC /* SettingsViewController.swift in Sources */,
				0555B9901BDEEE7300C41580 /* ViData.xcdatamodeld in Sources */,
				EC90FC451BDB3EFA00F60AE9 /* NuanceHeader.m in Sources */,
				05BC1C931BD8551A00D47DAB /* App.swift in Sources */,
				0555B9871BDEECFC00C41580 /* Settings.swift in Sources */,
				05BC1C991BD8551A00D47DAB /* LibraryViewController.swift in Sources */,
				05BC1C961BD8551A00D47DAB /* AppInfoViewController.swift in Sources */,
			);
			runOnlyForDeploymentPostprocessing = 0;
		};
/* End PBXSourcesBuildPhase section */

/* Begin PBXTargetDependency section */
		8352C6731BD6A5DA007B3F5F /* PBXTargetDependency */ = {
			isa = PBXTargetDependency;
			target = 8352C65A1BD6A5DA007B3F5F /* Vi */;
			targetProxy = 8352C6721BD6A5DA007B3F5F /* PBXContainerItemProxy */;
		};
		8352C67E1BD6A5DA007B3F5F /* PBXTargetDependency */ = {
			isa = PBXTargetDependency;
			target = 8352C65A1BD6A5DA007B3F5F /* Vi */;
			targetProxy = 8352C67D1BD6A5DA007B3F5F /* PBXContainerItemProxy */;
		};
/* End PBXTargetDependency section */

/* Begin PBXVariantGroup section */
		53C09A701BDB00B70080CD62 /* Settings.storyboard */ = {
			isa = PBXVariantGroup;
			children = (
				53C09A711BDB00B70080CD62 /* Base */,
			);
			name = Settings.storyboard;
			sourceTree = "<group>";
		};
		8352C6641BD6A5DA007B3F5F /* Main.storyboard */ = {
			isa = PBXVariantGroup;
			children = (
				8352C6651BD6A5DA007B3F5F /* Base */,
			);
			name = Main.storyboard;
			sourceTree = "<group>";
		};
		8352C6691BD6A5DA007B3F5F /* LaunchScreen.storyboard */ = {
			isa = PBXVariantGroup;
			children = (
				8352C66A1BD6A5DA007B3F5F /* Base */,
			);
			name = LaunchScreen.storyboard;
			sourceTree = "<group>";
		};
		837815BA1BDEE2C80049FEBE /* Library.storyboard */ = {
			isa = PBXVariantGroup;
			children = (
				837815BB1BDEE2C80049FEBE /* Base */,
			);
			name = Library.storyboard;
			sourceTree = "<group>";
		};
/* End PBXVariantGroup section */

/* Begin XCBuildConfiguration section */
		8352C6831BD6A5DA007B3F5F /* Debug */ = {
			isa = XCBuildConfiguration;
			buildSettings = {
				ALWAYS_SEARCH_USER_PATHS = NO;
				CLANG_CXX_LANGUAGE_STANDARD = "gnu++0x";
				CLANG_CXX_LIBRARY = "libc++";
				CLANG_ENABLE_MODULES = YES;
				CLANG_ENABLE_OBJC_ARC = YES;
				CLANG_WARN_BOOL_CONVERSION = YES;
				CLANG_WARN_CONSTANT_CONVERSION = YES;
				CLANG_WARN_DIRECT_OBJC_ISA_USAGE = YES_ERROR;
				CLANG_WARN_EMPTY_BODY = YES;
				CLANG_WARN_ENUM_CONVERSION = YES;
				CLANG_WARN_INT_CONVERSION = YES;
				CLANG_WARN_OBJC_ROOT_CLASS = YES_ERROR;
				CLANG_WARN_UNREACHABLE_CODE = YES;
				CLANG_WARN__DUPLICATE_METHOD_MATCH = YES;
				"CODE_SIGN_IDENTITY[sdk=iphoneos*]" = "iPhone Developer";
				COPY_PHASE_STRIP = NO;
				DEBUG_INFORMATION_FORMAT = dwarf;
				ENABLE_BITCODE = NO;
				ENABLE_STRICT_OBJC_MSGSEND = YES;
				ENABLE_TESTABILITY = YES;
				GCC_C_LANGUAGE_STANDARD = gnu99;
				GCC_DYNAMIC_NO_PIC = NO;
				GCC_NO_COMMON_BLOCKS = YES;
				GCC_OPTIMIZATION_LEVEL = 0;
				GCC_PREPROCESSOR_DEFINITIONS = (
					"DEBUG=1",
					"$(inherited)",
				);
				GCC_WARN_64_TO_32_BIT_CONVERSION = YES;
				GCC_WARN_ABOUT_RETURN_TYPE = YES_ERROR;
				GCC_WARN_UNDECLARED_SELECTOR = YES;
				GCC_WARN_UNINITIALIZED_AUTOS = YES_AGGRESSIVE;
				GCC_WARN_UNUSED_FUNCTION = YES;
				GCC_WARN_UNUSED_VARIABLE = YES;
				IPHONEOS_DEPLOYMENT_TARGET = 9.0;
				MTL_ENABLE_DEBUG_INFO = YES;
				ONLY_ACTIVE_ARCH = YES;
				SDKROOT = iphoneos;
				SWIFT_OBJC_BRIDGING_HEADER = "Vi-Bridging-Header.h";
				SWIFT_OPTIMIZATION_LEVEL = "-Onone";
				TARGETED_DEVICE_FAMILY = "1,2";
			};
			name = Debug;
		};
		8352C6841BD6A5DA007B3F5F /* Release */ = {
			isa = XCBuildConfiguration;
			buildSettings = {
				ALWAYS_SEARCH_USER_PATHS = NO;
				CLANG_CXX_LANGUAGE_STANDARD = "gnu++0x";
				CLANG_CXX_LIBRARY = "libc++";
				CLANG_ENABLE_MODULES = YES;
				CLANG_ENABLE_OBJC_ARC = YES;
				CLANG_WARN_BOOL_CONVERSION = YES;
				CLANG_WARN_CONSTANT_CONVERSION = YES;
				CLANG_WARN_DIRECT_OBJC_ISA_USAGE = YES_ERROR;
				CLANG_WARN_EMPTY_BODY = YES;
				CLANG_WARN_ENUM_CONVERSION = YES;
				CLANG_WARN_INT_CONVERSION = YES;
				CLANG_WARN_OBJC_ROOT_CLASS = YES_ERROR;
				CLANG_WARN_UNREACHABLE_CODE = YES;
				CLANG_WARN__DUPLICATE_METHOD_MATCH = YES;
				"CODE_SIGN_IDENTITY[sdk=iphoneos*]" = "iPhone Developer";
				COPY_PHASE_STRIP = NO;
				DEBUG_INFORMATION_FORMAT = "dwarf-with-dsym";
				ENABLE_BITCODE = NO;
				ENABLE_NS_ASSERTIONS = NO;
				ENABLE_STRICT_OBJC_MSGSEND = YES;
				GCC_C_LANGUAGE_STANDARD = gnu99;
				GCC_NO_COMMON_BLOCKS = YES;
				GCC_WARN_64_TO_32_BIT_CONVERSION = YES;
				GCC_WARN_ABOUT_RETURN_TYPE = YES_ERROR;
				GCC_WARN_UNDECLARED_SELECTOR = YES;
				GCC_WARN_UNINITIALIZED_AUTOS = YES_AGGRESSIVE;
				GCC_WARN_UNUSED_FUNCTION = YES;
				GCC_WARN_UNUSED_VARIABLE = YES;
				IPHONEOS_DEPLOYMENT_TARGET = 9.0;
				MTL_ENABLE_DEBUG_INFO = NO;
				SDKROOT = iphoneos;
				SWIFT_OBJC_BRIDGING_HEADER = "Vi-Bridging-Header.h";
				TARGETED_DEVICE_FAMILY = "1,2";
				VALIDATE_PRODUCT = YES;
			};
			name = Release;
		};
		8352C6861BD6A5DA007B3F5F /* Debug */ = {
			isa = XCBuildConfiguration;
			baseConfigurationReference = FE03DF245C4E56D5808E49D8 /* Pods-Vi.debug.xcconfig */;
			buildSettings = {
				ASSETCATALOG_COMPILER_APPICON_NAME = AppIcon;
				CLANG_ENABLE_MODULES = YES;
				CODE_SIGN_IDENTITY = "iPhone Developer";
				DEFINES_MODULE = YES;
				ENABLE_BITCODE = NO;
				FRAMEWORK_SEARCH_PATHS = (
					"$(inherited)",
					"$(PROJECT_DIR)",
					"$(PROJECT_DIR)/Vi",
				);
				INFOPLIST_FILE = Vi/Info.plist;
				LD_RUNPATH_SEARCH_PATHS = "$(inherited) @executable_path/Frameworks";
				PRODUCT_BUNDLE_IDENTIFIER = com.viapp.Vi;
				PRODUCT_NAME = "$(TARGET_NAME)";
				SWIFT_OBJC_BRIDGING_HEADER = "Vi-Bridging-Header.h";
				SWIFT_OPTIMIZATION_LEVEL = "-Onone";
				TARGETED_DEVICE_FAMILY = "1,2";
				USER_HEADER_SEARCH_PATHS = "Pods/**";
			};
			name = Debug;
		};
		8352C6871BD6A5DA007B3F5F /* Release */ = {
			isa = XCBuildConfiguration;
			baseConfigurationReference = 821CC986ED395AD825E44B5E /* Pods-Vi.release.xcconfig */;
			buildSettings = {
				ASSETCATALOG_COMPILER_APPICON_NAME = AppIcon;
				CLANG_ENABLE_MODULES = YES;
				CODE_SIGN_IDENTITY = "iPhone Developer";
				DEFINES_MODULE = YES;
				ENABLE_BITCODE = NO;
				FRAMEWORK_SEARCH_PATHS = (
					"$(inherited)",
					"$(PROJECT_DIR)",
					"$(PROJECT_DIR)/Vi",
				);
				INFOPLIST_FILE = Vi/Info.plist;
				LD_RUNPATH_SEARCH_PATHS = "$(inherited) @executable_path/Frameworks";
				PRODUCT_BUNDLE_IDENTIFIER = com.viapp.Vi;
				PRODUCT_NAME = "$(TARGET_NAME)";
				SWIFT_OBJC_BRIDGING_HEADER = "Vi-Bridging-Header.h";
				TARGETED_DEVICE_FAMILY = "1,2";
				USER_HEADER_SEARCH_PATHS = "Pods/**";
			};
			name = Release;
		};
		8352C6891BD6A5DA007B3F5F /* Debug */ = {
			isa = XCBuildConfiguration;
			baseConfigurationReference = 494E34089B254FB16BC192F1 /* Pods-ViTests.debug.xcconfig */;
			buildSettings = {
				BUNDLE_LOADER = "$(TEST_HOST)";
				CLANG_ENABLE_MODULES = YES;
				FRAMEWORK_SEARCH_PATHS = (
					"$(inherited)",
					"$(PROJECT_DIR)",
				);
				INFOPLIST_FILE = ViTests/Info.plist;
				LD_RUNPATH_SEARCH_PATHS = "$(inherited) @executable_path/Frameworks @loader_path/Frameworks";
				PRODUCT_BUNDLE_IDENTIFIER = com.viapp.ViTests;
				PRODUCT_NAME = "$(TARGET_NAME)";
				SWIFT_OBJC_BRIDGING_HEADER = "ViTests-Bridging-Header.h";
				SWIFT_OPTIMIZATION_LEVEL = "-Onone";
				TEST_HOST = "$(BUILT_PRODUCTS_DIR)/Vi.app/Vi";
			};
			name = Debug;
		};
		8352C68A1BD6A5DA007B3F5F /* Release */ = {
			isa = XCBuildConfiguration;
			baseConfigurationReference = 472C346C0DEEB63EF78834A7 /* Pods-ViTests.release.xcconfig */;
			buildSettings = {
				BUNDLE_LOADER = "$(TEST_HOST)";
				CLANG_ENABLE_MODULES = YES;
				FRAMEWORK_SEARCH_PATHS = (
					"$(inherited)",
					"$(PROJECT_DIR)",
				);
				INFOPLIST_FILE = ViTests/Info.plist;
				LD_RUNPATH_SEARCH_PATHS = "$(inherited) @executable_path/Frameworks @loader_path/Frameworks";
				PRODUCT_BUNDLE_IDENTIFIER = com.viapp.ViTests;
				PRODUCT_NAME = "$(TARGET_NAME)";
				SWIFT_OBJC_BRIDGING_HEADER = "ViTests-Bridging-Header.h";
				TEST_HOST = "$(BUILT_PRODUCTS_DIR)/Vi.app/Vi";
			};
			name = Release;
		};
		8352C68C1BD6A5DA007B3F5F /* Debug */ = {
			isa = XCBuildConfiguration;
			baseConfigurationReference = ACD58AEFFDF83F26FFDC68EE /* Pods-ViUITests.debug.xcconfig */;
			buildSettings = {
				CLANG_ENABLE_MODULES = YES;
				FRAMEWORK_SEARCH_PATHS = (
					"$(inherited)",
					"$(PROJECT_DIR)",
				);
				INFOPLIST_FILE = ViUITests/Info.plist;
				LD_RUNPATH_SEARCH_PATHS = "$(inherited) @executable_path/Frameworks @loader_path/Frameworks";
				PRODUCT_BUNDLE_IDENTIFIER = com.viapp.ViUITests;
				PRODUCT_NAME = "$(TARGET_NAME)";
				SWIFT_OBJC_BRIDGING_HEADER = "ViUITests-Bridging-Header.h";
				SWIFT_OPTIMIZATION_LEVEL = "-Onone";
				TEST_TARGET_NAME = Vi;
				USES_XCTRUNNER = YES;
			};
			name = Debug;
		};
		8352C68D1BD6A5DA007B3F5F /* Release */ = {
			isa = XCBuildConfiguration;
			baseConfigurationReference = 1B71BEC2CC252775D10FD1CC /* Pods-ViUITests.release.xcconfig */;
			buildSettings = {
				CLANG_ENABLE_MODULES = YES;
				FRAMEWORK_SEARCH_PATHS = (
					"$(inherited)",
					"$(PROJECT_DIR)",
				);
				INFOPLIST_FILE = ViUITests/Info.plist;
				LD_RUNPATH_SEARCH_PATHS = "$(inherited) @executable_path/Frameworks @loader_path/Frameworks";
				PRODUCT_BUNDLE_IDENTIFIER = com.viapp.ViUITests;
				PRODUCT_NAME = "$(TARGET_NAME)";
				SWIFT_OBJC_BRIDGING_HEADER = "ViUITests-Bridging-Header.h";
				TEST_TARGET_NAME = Vi;
				USES_XCTRUNNER = YES;
			};
			name = Release;
		};
/* End XCBuildConfiguration section */

/* Begin XCConfigurationList section */
		8352C6561BD6A5DA007B3F5F /* Build configuration list for PBXProject "Vi" */ = {
			isa = XCConfigurationList;
			buildConfigurations = (
				8352C6831BD6A5DA007B3F5F /* Debug */,
				8352C6841BD6A5DA007B3F5F /* Release */,
			);
			defaultConfigurationIsVisible = 0;
			defaultConfigurationName = Release;
		};
		8352C6851BD6A5DA007B3F5F /* Build configuration list for PBXNativeTarget "Vi" */ = {
			isa = XCConfigurationList;
			buildConfigurations = (
				8352C6861BD6A5DA007B3F5F /* Debug */,
				8352C6871BD6A5DA007B3F5F /* Release */,
			);
			defaultConfigurationIsVisible = 0;
			defaultConfigurationName = Release;
		};
		8352C6881BD6A5DA007B3F5F /* Build configuration list for PBXNativeTarget "ViTests" */ = {
			isa = XCConfigurationList;
			buildConfigurations = (
				8352C6891BD6A5DA007B3F5F /* Debug */,
				8352C68A1BD6A5DA007B3F5F /* Release */,
			);
			defaultConfigurationIsVisible = 0;
			defaultConfigurationName = Release;
		};
		8352C68B1BD6A5DA007B3F5F /* Build configuration list for PBXNativeTarget "ViUITests" */ = {
			isa = XCConfigurationList;
			buildConfigurations = (
				8352C68C1BD6A5DA007B3F5F /* Debug */,
				8352C68D1BD6A5DA007B3F5F /* Release */,
			);
			defaultConfigurationIsVisible = 0;
			defaultConfigurationName = Release;
		};
/* End XCConfigurationList section */

/* Begin XCVersionGroup section */
		0555B98C1BDEEE7300C41580 /* ViData.xcdatamodeld */ = {
			isa = XCVersionGroup;
			children = (
				0555B98D1BDEEE7300C41580 /* ViData.xcdatamodel */,
			);
			currentVersion = 0555B98D1BDEEE7300C41580 /* ViData.xcdatamodel */;
			path = ViData.xcdatamodeld;
			sourceTree = "<group>";
			versionGroupType = wrapper.xcdatamodel;
		};
/* End XCVersionGroup section */
	};
	rootObject = 8352C6531BD6A5DA007B3F5F /* Project object */;
}
