// !$*UTF8*$!
{
	archiveVersion = 1;
	classes = {
	};
	objectVersion = 46;
	objects = {

/* Begin PBXBuildFile section */
		05CBBFC21BD6BE3500227BDC /* SettingsViewController.swift in Sources */ = {isa = PBXBuildFile; fileRef = 05CBBFC11BD6BE3500227BDC /* SettingsViewController.swift */; settings = {ASSET_TAGS = (); }; };
		05CBBFC31BD6BE3500227BDC /* SettingsViewController.swift in Sources */ = {isa = PBXBuildFile; fileRef = 05CBBFC11BD6BE3500227BDC /* SettingsViewController.swift */; settings = {ASSET_TAGS = (); }; };
		05CBBFC41BD6BE3500227BDC /* SettingsViewController.swift in Sources */ = {isa = PBXBuildFile; fileRef = 05CBBFC11BD6BE3500227BDC /* SettingsViewController.swift */; settings = {ASSET_TAGS = (); }; };
		05CBBFC61BD6C51B00227BDC /* HomeViewController.swift in Sources */ = {isa = PBXBuildFile; fileRef = 05CBBFC51BD6C51B00227BDC /* HomeViewController.swift */; settings = {ASSET_TAGS = (); }; };
		05CBBFC71BD6C51B00227BDC /* HomeViewController.swift in Sources */ = {isa = PBXBuildFile; fileRef = 05CBBFC51BD6C51B00227BDC /* HomeViewController.swift */; settings = {ASSET_TAGS = (); }; };
		05CBBFC81BD6C51B00227BDC /* HomeViewController.swift in Sources */ = {isa = PBXBuildFile; fileRef = 05CBBFC51BD6C51B00227BDC /* HomeViewController.swift */; settings = {ASSET_TAGS = (); }; };
		05CBBFCA1BD6CBEB00227BDC /* HomeGestureViewController.swift in Sources */ = {isa = PBXBuildFile; fileRef = 05CBBFC91BD6CBEB00227BDC /* HomeGestureViewController.swift */; settings = {ASSET_TAGS = (); }; };
		05CBBFCB1BD6CBEB00227BDC /* HomeGestureViewController.swift in Sources */ = {isa = PBXBuildFile; fileRef = 05CBBFC91BD6CBEB00227BDC /* HomeGestureViewController.swift */; settings = {ASSET_TAGS = (); }; };
		05CBBFCC1BD6CBEB00227BDC /* HomeGestureViewController.swift in Sources */ = {isa = PBXBuildFile; fileRef = 05CBBFC91BD6CBEB00227BDC /* HomeGestureViewController.swift */; settings = {ASSET_TAGS = (); }; };
		8352C65F1BD6A5DA007B3F5F /* AppDelegate.swift in Sources */ = {isa = PBXBuildFile; fileRef = 8352C65E1BD6A5DA007B3F5F /* AppDelegate.swift */; };
		8352C6611BD6A5DA007B3F5F /* FirstViewController.swift in Sources */ = {isa = PBXBuildFile; fileRef = 8352C6601BD6A5DA007B3F5F /* FirstViewController.swift */; };
		8352C6631BD6A5DA007B3F5F /* SecondViewController.swift in Sources */ = {isa = PBXBuildFile; fileRef = 8352C6621BD6A5DA007B3F5F /* SecondViewController.swift */; };
		8352C6661BD6A5DA007B3F5F /* Main.storyboard in Resources */ = {isa = PBXBuildFile; fileRef = 8352C6641BD6A5DA007B3F5F /* Main.storyboard */; };
		8352C6681BD6A5DA007B3F5F /* Assets.xcassets in Resources */ = {isa = PBXBuildFile; fileRef = 8352C6671BD6A5DA007B3F5F /* Assets.xcassets */; };
		8352C66B1BD6A5DA007B3F5F /* LaunchScreen.storyboard in Resources */ = {isa = PBXBuildFile; fileRef = 8352C6691BD6A5DA007B3F5F /* LaunchScreen.storyboard */; };
		8352C6761BD6A5DA007B3F5F /* ViTests.swift in Sources */ = {isa = PBXBuildFile; fileRef = 8352C6751BD6A5DA007B3F5F /* ViTests.swift */; };
		8352C6811BD6A5DA007B3F5F /* ViUITests.swift in Sources */ = {isa = PBXBuildFile; fileRef = 8352C6801BD6A5DA007B3F5F /* ViUITests.swift */; };
		ECF6000C1BD7FB0400751275 /* CFNetwork.framework in Frameworks */ = {isa = PBXBuildFile; fileRef = ECF6000B1BD7FB0400751275 /* CFNetwork.framework */; };
		ECF6000E1BD7FB0D00751275 /* AudioToolbox.framework in Frameworks */ = {isa = PBXBuildFile; fileRef = ECF6000D1BD7FB0D00751275 /* AudioToolbox.framework */; };
		ECF600101BD7FB1300751275 /* AVFoundation.framework in Frameworks */ = {isa = PBXBuildFile; fileRef = ECF6000F1BD7FB1300751275 /* AVFoundation.framework */; };
		ECF600121BD7FB1A00751275 /* Foundation.framework in Frameworks */ = {isa = PBXBuildFile; fileRef = ECF600111BD7FB1A00751275 /* Foundation.framework */; };
		ECF600141BD7FB1F00751275 /* QuartzCore.framework in Frameworks */ = {isa = PBXBuildFile; fileRef = ECF600131BD7FB1F00751275 /* QuartzCore.framework */; };
		ECF600161BD7FB2400751275 /* CoreAudio.framework in Frameworks */ = {isa = PBXBuildFile; fileRef = ECF600151BD7FB2400751275 /* CoreAudio.framework */; };
		ECF600181BD7FB2A00751275 /* Security.framework in Frameworks */ = {isa = PBXBuildFile; fileRef = ECF600171BD7FB2A00751275 /* Security.framework */; };
		ECF6001B1BD7FB3000751275 /* libicucore.A.tbd in Frameworks */ = {isa = PBXBuildFile; fileRef = ECF600191BD7FB3000751275 /* libicucore.A.tbd */; };
		ECF6001C1BD7FB3000751275 /* libicucore.tbd in Frameworks */ = {isa = PBXBuildFile; fileRef = ECF6001A1BD7FB3000751275 /* libicucore.tbd */; };
		ECF6001E1BD7FBC200751275 /* watsonsdk.framework in Frameworks */ = {isa = PBXBuildFile; fileRef = ECF6001D1BD7FBC200751275 /* watsonsdk.framework */; settings = {ASSET_TAGS = (); }; };
		ECF6001F1BD7FBC200751275 /* watsonsdk.framework in Frameworks */ = {isa = PBXBuildFile; fileRef = ECF6001D1BD7FBC200751275 /* watsonsdk.framework */; settings = {ASSET_TAGS = (); }; };
		ECF600201BD7FBC200751275 /* watsonsdk.framework in Frameworks */ = {isa = PBXBuildFile; fileRef = ECF6001D1BD7FBC200751275 /* watsonsdk.framework */; settings = {ASSET_TAGS = (); }; };
/* End PBXBuildFile section */

/* Begin PBXContainerItemProxy section */
		8352C6721BD6A5DA007B3F5F /* PBXContainerItemProxy */ = {
			isa = PBXContainerItemProxy;
			containerPortal = 8352C6531BD6A5DA007B3F5F /* Project object */;
			proxyType = 1;
			remoteGlobalIDString = 8352C65A1BD6A5DA007B3F5F;
			remoteInfo = Vi;
		};
		8352C67D1BD6A5DA007B3F5F /* PBXContainerItemProxy */ = {
			isa = PBXContainerItemProxy;
			containerPortal = 8352C6531BD6A5DA007B3F5F /* Project object */;
			proxyType = 1;
			remoteGlobalIDString = 8352C65A1BD6A5DA007B3F5F;
			remoteInfo = Vi;
		};
/* End PBXContainerItemProxy section */

/* Begin PBXFileReference section */
		05CBBFC11BD6BE3500227BDC /* SettingsViewController.swift */ = {isa = PBXFileReference; fileEncoding = 4; lastKnownFileType = sourcecode.swift; path = SettingsViewController.swift; sourceTree = "<group>"; };
		05CBBFC51BD6C51B00227BDC /* HomeViewController.swift */ = {isa = PBXFileReference; fileEncoding = 4; lastKnownFileType = sourcecode.swift; path = HomeViewController.swift; sourceTree = "<group>"; };
		05CBBFC91BD6CBEB00227BDC /* HomeGestureViewController.swift */ = {isa = PBXFileReference; fileEncoding = 4; lastKnownFileType = sourcecode.swift; path = HomeGestureViewController.swift; sourceTree = "<group>"; };
		8352C65B1BD6A5DA007B3F5F /* Vi.app */ = {isa = PBXFileReference; explicitFileType = wrapper.application; includeInIndex = 0; path = Vi.app; sourceTree = BUILT_PRODUCTS_DIR; };
		8352C65E1BD6A5DA007B3F5F /* AppDelegate.swift */ = {isa = PBXFileReference; lastKnownFileType = sourcecode.swift; path = AppDelegate.swift; sourceTree = "<group>"; };
		8352C6601BD6A5DA007B3F5F /* FirstViewController.swift */ = {isa = PBXFileReference; lastKnownFileType = sourcecode.swift; path = FirstViewController.swift; sourceTree = "<group>"; };
		8352C6621BD6A5DA007B3F5F /* SecondViewController.swift */ = {isa = PBXFileReference; lastKnownFileType = sourcecode.swift; path = SecondViewController.swift; sourceTree = "<group>"; };
		8352C6651BD6A5DA007B3F5F /* Base */ = {isa = PBXFileReference; lastKnownFileType = file.storyboard; name = Base; path = Base.lproj/Main.storyboard; sourceTree = "<group>"; };
		8352C6671BD6A5DA007B3F5F /* Assets.xcassets */ = {isa = PBXFileReference; lastKnownFileType = folder.assetcatalog; path = Assets.xcassets; sourceTree = "<group>"; };
		8352C66A1BD6A5DA007B3F5F /* Base */ = {isa = PBXFileReference; lastKnownFileType = file.storyboard; name = Base; path = Base.lproj/LaunchScreen.storyboard; sourceTree = "<group>"; };
		8352C66C1BD6A5DA007B3F5F /* Info.plist */ = {isa = PBXFileReference; lastKnownFileType = text.plist.xml; path = Info.plist; sourceTree = "<group>"; };
		8352C6711BD6A5DA007B3F5F /* ViTests.xctest */ = {isa = PBXFileReference; explicitFileType = wrapper.cfbundle; includeInIndex = 0; path = ViTests.xctest; sourceTree = BUILT_PRODUCTS_DIR; };
		8352C6751BD6A5DA007B3F5F /* ViTests.swift */ = {isa = PBXFileReference; lastKnownFileType = sourcecode.swift; path = ViTests.swift; sourceTree = "<group>"; };
		8352C6771BD6A5DA007B3F5F /* Info.plist */ = {isa = PBXFileReference; lastKnownFileType = text.plist.xml; path = Info.plist; sourceTree = "<group>"; };
		8352C67C1BD6A5DA007B3F5F /* ViUITests.xctest */ = {isa = PBXFileReference; explicitFileType = wrapper.cfbundle; includeInIndex = 0; path = ViUITests.xctest; sourceTree = BUILT_PRODUCTS_DIR; };
		8352C6801BD6A5DA007B3F5F /* ViUITests.swift */ = {isa = PBXFileReference; lastKnownFileType = sourcecode.swift; path = ViUITests.swift; sourceTree = "<group>"; };
		8352C6821BD6A5DA007B3F5F /* Info.plist */ = {isa = PBXFileReference; lastKnownFileType = text.plist.xml; path = Info.plist; sourceTree = "<group>"; };
		ECF6000B1BD7FB0400751275 /* CFNetwork.framework */ = {isa = PBXFileReference; lastKnownFileType = wrapper.framework; name = CFNetwork.framework; path = System/Library/Frameworks/CFNetwork.framework; sourceTree = SDKROOT; };
		ECF6000D1BD7FB0D00751275 /* AudioToolbox.framework */ = {isa = PBXFileReference; lastKnownFileType = wrapper.framework; name = AudioToolbox.framework; path = System/Library/Frameworks/AudioToolbox.framework; sourceTree = SDKROOT; };
		ECF6000F1BD7FB1300751275 /* AVFoundation.framework */ = {isa = PBXFileReference; lastKnownFileType = wrapper.framework; name = AVFoundation.framework; path = System/Library/Frameworks/AVFoundation.framework; sourceTree = SDKROOT; };
		ECF600111BD7FB1A00751275 /* Foundation.framework */ = {isa = PBXFileReference; lastKnownFileType = wrapper.framework; name = Foundation.framework; path = System/Library/Frameworks/Foundation.framework; sourceTree = SDKROOT; };
		ECF600131BD7FB1F00751275 /* QuartzCore.framework */ = {isa = PBXFileReference; lastKnownFileType = wrapper.framework; name = QuartzCore.framework; path = System/Library/Frameworks/QuartzCore.framework; sourceTree = SDKROOT; };
		ECF600151BD7FB2400751275 /* CoreAudio.framework */ = {isa = PBXFileReference; lastKnownFileType = wrapper.framework; name = CoreAudio.framework; path = System/Library/Frameworks/CoreAudio.framework; sourceTree = SDKROOT; };
		ECF600171BD7FB2A00751275 /* Security.framework */ = {isa = PBXFileReference; lastKnownFileType = wrapper.framework; name = Security.framework; path = System/Library/Frameworks/Security.framework; sourceTree = SDKROOT; };
		ECF600191BD7FB3000751275 /* libicucore.A.tbd */ = {isa = PBXFileReference; lastKnownFileType = "sourcecode.text-based-dylib-definition"; name = libicucore.A.tbd; path = usr/lib/libicucore.A.tbd; sourceTree = SDKROOT; };
		ECF6001A1BD7FB3000751275 /* libicucore.tbd */ = {isa = PBXFileReference; lastKnownFileType = "sourcecode.text-based-dylib-definition"; name = libicucore.tbd; path = usr/lib/libicucore.tbd; sourceTree = SDKROOT; };
		ECF6001D1BD7FBC200751275 /* watsonsdk.framework */ = {isa = PBXFileReference; lastKnownFileType = wrapper.framework; path = watsonsdk.framework; sourceTree = "<group>"; };
		ECF6003E1BD80B5300751275 /* Vi-Bridging-Header.h */ = {isa = PBXFileReference; fileEncoding = 4; lastKnownFileType = sourcecode.c.h; path = "Vi-Bridging-Header.h"; sourceTree = "<group>"; };
/* End PBXFileReference section */

/* Begin PBXFrameworksBuildPhase section */
		8352C6581BD6A5DA007B3F5F /* Frameworks */ = {
			isa = PBXFrameworksBuildPhase;
			buildActionMask = 2147483647;
			files = (
				ECF6001B1BD7FB3000751275 /* libicucore.A.tbd in Frameworks */,
				ECF6001E1BD7FBC200751275 /* watsonsdk.framework in Frameworks */,
				ECF6001C1BD7FB3000751275 /* libicucore.tbd in Frameworks */,
				ECF600181BD7FB2A00751275 /* Security.framework in Frameworks */,
				ECF600161BD7FB2400751275 /* CoreAudio.framework in Frameworks */,
				ECF600141BD7FB1F00751275 /* QuartzCore.framework in Frameworks */,
				ECF600121BD7FB1A00751275 /* Foundation.framework in Frameworks */,
				ECF600101BD7FB1300751275 /* AVFoundation.framework in Frameworks */,
				ECF6000E1BD7FB0D00751275 /* AudioToolbox.framework in Frameworks */,
				ECF6000C1BD7FB0400751275 /* CFNetwork.framework in Frameworks */,
			);
			runOnlyForDeploymentPostprocessing = 0;
		};
		8352C66E1BD6A5DA007B3F5F /* Frameworks */ = {
			isa = PBXFrameworksBuildPhase;
			buildActionMask = 2147483647;
			files = (
				ECF6001F1BD7FBC200751275 /* watsonsdk.framework in Frameworks */,
			);
			runOnlyForDeploymentPostprocessing = 0;
		};
		8352C6791BD6A5DA007B3F5F /* Frameworks */ = {
			isa = PBXFrameworksBuildPhase;
			buildActionMask = 2147483647;
			files = (
				ECF600201BD7FBC200751275 /* watsonsdk.framework in Frameworks */,
			);
			runOnlyForDeploymentPostprocessing = 0;
		};
/* End PBXFrameworksBuildPhase section */

/* Begin PBXGroup section */
		8352C6521BD6A5DA007B3F5F = {
			isa = PBXGroup;
			children = (
				ECF6003E1BD80B5300751275 /* Vi-Bridging-Header.h */,
				8352C65D1BD6A5DA007B3F5F /* Vi */,
				8352C6741BD6A5DA007B3F5F /* ViTests */,
				8352C67F1BD6A5DA007B3F5F /* ViUITests */,
				8352C65C1BD6A5DA007B3F5F /* Products */,
				ECF6000A1BD7FAF100751275 /* Libraries */,
			);
			sourceTree = "<group>";
		};
		8352C65C1BD6A5DA007B3F5F /* Products */ = {
			isa = PBXGroup;
			children = (
				8352C65B1BD6A5DA007B3F5F /* Vi.app */,
				8352C6711BD6A5DA007B3F5F /* ViTests.xctest */,
				8352C67C1BD6A5DA007B3F5F /* ViUITests.xctest */,
			);
			name = Products;
			sourceTree = "<group>";
		};
		8352C65D1BD6A5DA007B3F5F /* Vi */ = {
			isa = PBXGroup;
			children = (
				8352C6951BD6BD3A007B3F5F /* Apps */,
				8352C6941BD6BD34007B3F5F /* Home */,
				8352C6931BD6BD2F007B3F5F /* Library */,
				8352C6921BD6BD28007B3F5F /* Settings */,
				8352C65E1BD6A5DA007B3F5F /* AppDelegate.swift */,
				8352C6601BD6A5DA007B3F5F /* FirstViewController.swift */,
				8352C6621BD6A5DA007B3F5F /* SecondViewController.swift */,
				8352C6641BD6A5DA007B3F5F /* Main.storyboard */,
				8352C6671BD6A5DA007B3F5F /* Assets.xcassets */,
				8352C6691BD6A5DA007B3F5F /* LaunchScreen.storyboard */,
				8352C66C1BD6A5DA007B3F5F /* Info.plist */,
			);
			path = Vi;
			sourceTree = "<group>";
		};
		8352C6741BD6A5DA007B3F5F /* ViTests */ = {
			isa = PBXGroup;
			children = (
				8352C6751BD6A5DA007B3F5F /* ViTests.swift */,
				8352C6771BD6A5DA007B3F5F /* Info.plist */,
			);
			path = ViTests;
			sourceTree = "<group>";
		};
		8352C67F1BD6A5DA007B3F5F /* ViUITests */ = {
			isa = PBXGroup;
			children = (
				8352C6801BD6A5DA007B3F5F /* ViUITests.swift */,
				8352C6821BD6A5DA007B3F5F /* Info.plist */,
			);
			path = ViUITests;
			sourceTree = "<group>";
		};
		8352C6921BD6BD28007B3F5F /* Settings */ = {
			isa = PBXGroup;
			children = (
				05CBBFC11BD6BE3500227BDC /* SettingsViewController.swift */,
			);
			name = Settings;
			sourceTree = "<group>";
		};
		8352C6931BD6BD2F007B3F5F /* Library */ = {
			isa = PBXGroup;
			children = (
			);
			name = Library;
			sourceTree = "<group>";
		};
		8352C6941BD6BD34007B3F5F /* Home */ = {
			isa = PBXGroup;
			children = (
				05CBBFC51BD6C51B00227BDC /* HomeViewController.swift */,
				05CBBFC91BD6CBEB00227BDC /* HomeGestureViewController.swift */,
			);
			name = Home;
			sourceTree = "<group>";
		};
		8352C6951BD6BD3A007B3F5F /* Apps */ = {
			isa = PBXGroup;
			children = (
			);
			name = Apps;
			sourceTree = "<group>";
		};
		ECF6000A1BD7FAF100751275 /* Libraries */ = {
			isa = PBXGroup;
			children = (
				ECF6001D1BD7FBC200751275 /* watsonsdk.framework */,
				ECF600191BD7FB3000751275 /* libicucore.A.tbd */,
				ECF6001A1BD7FB3000751275 /* libicucore.tbd */,
				ECF600171BD7FB2A00751275 /* Security.framework */,
				ECF600151BD7FB2400751275 /* CoreAudio.framework */,
				ECF600131BD7FB1F00751275 /* QuartzCore.framework */,
				ECF600111BD7FB1A00751275 /* Foundation.framework */,
				ECF6000F1BD7FB1300751275 /* AVFoundation.framework */,
				ECF6000D1BD7FB0D00751275 /* AudioToolbox.framework */,
				ECF6000B1BD7FB0400751275 /* CFNetwork.framework */,
			);
			name = Libraries;
			sourceTree = "<group>";
		};
/* End PBXGroup section */

/* Begin PBXNativeTarget section */
		8352C65A1BD6A5DA007B3F5F /* Vi */ = {
			isa = PBXNativeTarget;
			buildConfigurationList = 8352C6851BD6A5DA007B3F5F /* Build configuration list for PBXNativeTarget "Vi" */;
			buildPhases = (
				8352C6571BD6A5DA007B3F5F /* Sources */,
				8352C6581BD6A5DA007B3F5F /* Frameworks */,
				8352C6591BD6A5DA007B3F5F /* Resources */,
			);
			buildRules = (
			);
			dependencies = (
			);
			name = Vi;
			productName = Vi;
			productReference = 8352C65B1BD6A5DA007B3F5F /* Vi.app */;
			productType = "com.apple.product-type.application";
		};
		8352C6701BD6A5DA007B3F5F /* ViTests */ = {
			isa = PBXNativeTarget;
			buildConfigurationList = 8352C6881BD6A5DA007B3F5F /* Build configuration list for PBXNativeTarget "ViTests" */;
			buildPhases = (
				8352C66D1BD6A5DA007B3F5F /* Sources */,
				8352C66E1BD6A5DA007B3F5F /* Frameworks */,
				8352C66F1BD6A5DA007B3F5F /* Resources */,
			);
			buildRules = (
			);
			dependencies = (
				8352C6731BD6A5DA007B3F5F /* PBXTargetDependency */,
			);
			name = ViTests;
			productName = ViTests;
			productReference = 8352C6711BD6A5DA007B3F5F /* ViTests.xctest */;
			productType = "com.apple.product-type.bundle.unit-test";
		};
		8352C67B1BD6A5DA007B3F5F /* ViUITests */ = {
			isa = PBXNativeTarget;
			buildConfigurationList = 8352C68B1BD6A5DA007B3F5F /* Build configuration list for PBXNativeTarget "ViUITests" */;
			buildPhases = (
				8352C6781BD6A5DA007B3F5F /* Sources */,
				8352C6791BD6A5DA007B3F5F /* Frameworks */,
				8352C67A1BD6A5DA007B3F5F /* Resources */,
			);
			buildRules = (
			);
			dependencies = (
				8352C67E1BD6A5DA007B3F5F /* PBXTargetDependency */,
			);
			name = ViUITests;
			productName = ViUITests;
			productReference = 8352C67C1BD6A5DA007B3F5F /* ViUITests.xctest */;
			productType = "com.apple.product-type.bundle.ui-testing";
		};
/* End PBXNativeTarget section */

/* Begin PBXProject section */
		8352C6531BD6A5DA007B3F5F /* Project object */ = {
			isa = PBXProject;
			attributes = {
				LastSwiftUpdateCheck = 0700;
				LastUpgradeCheck = 0700;
				ORGANIZATIONNAME = Vi;
				TargetAttributes = {
					8352C65A1BD6A5DA007B3F5F = {
						CreatedOnToolsVersion = 7.0.1;
					};
					8352C6701BD6A5DA007B3F5F = {
						CreatedOnToolsVersion = 7.0.1;
						TestTargetID = 8352C65A1BD6A5DA007B3F5F;
					};
					8352C67B1BD6A5DA007B3F5F = {
						CreatedOnToolsVersion = 7.0.1;
						TestTargetID = 8352C65A1BD6A5DA007B3F5F;
					};
				};
			};
			buildConfigurationList = 8352C6561BD6A5DA007B3F5F /* Build configuration list for PBXProject "Vi" */;
			compatibilityVersion = "Xcode 3.2";
			developmentRegion = English;
			hasScannedForEncodings = 0;
			knownRegions = (
				en,
				Base,
			);
			mainGroup = 8352C6521BD6A5DA007B3F5F;
			productRefGroup = 8352C65C1BD6A5DA007B3F5F /* Products */;
			projectDirPath = "";
			projectRoot = "";
			targets = (
				8352C65A1BD6A5DA007B3F5F /* Vi */,
				8352C6701BD6A5DA007B3F5F /* ViTests */,
				8352C67B1BD6A5DA007B3F5F /* ViUITests */,
			);
		};
/* End PBXProject section */

/* Begin PBXResourcesBuildPhase section */
		8352C6591BD6A5DA007B3F5F /* Resources */ = {
			isa = PBXResourcesBuildPhase;
			buildActionMask = 2147483647;
			files = (
				8352C66B1BD6A5DA007B3F5F /* LaunchScreen.storyboard in Resources */,
				8352C6681BD6A5DA007B3F5F /* Assets.xcassets in Resources */,
				8352C6661BD6A5DA007B3F5F /* Main.storyboard in Resources */,
			);
			runOnlyForDeploymentPostprocessing = 0;
		};
		8352C66F1BD6A5DA007B3F5F /* Resources */ = {
			isa = PBXResourcesBuildPhase;
			buildActionMask = 2147483647;
			files = (
			);
			runOnlyForDeploymentPostprocessing = 0;
		};
		8352C67A1BD6A5DA007B3F5F /* Resources */ = {
			isa = PBXResourcesBuildPhase;
			buildActionMask = 2147483647;
			files = (
			);
			runOnlyForDeploymentPostprocessing = 0;
		};
/* End PBXResourcesBuildPhase section */

/* Begin PBXSourcesBuildPhase section */
		8352C6571BD6A5DA007B3F5F /* Sources */ = {
			isa = PBXSourcesBuildPhase;
			buildActionMask = 2147483647;
			files = (
				05CBBFC61BD6C51B00227BDC /* HomeViewController.swift in Sources */,
				8352C6631BD6A5DA007B3F5F /* SecondViewController.swift in Sources */,
				8352C65F1BD6A5DA007B3F5F /* AppDelegate.swift in Sources */,
				8352C6611BD6A5DA007B3F5F /* FirstViewController.swift in Sources */,
				05CBBFC21BD6BE3500227BDC /* SettingsViewController.swift in Sources */,
				05CBBFCA1BD6CBEB00227BDC /* HomeGestureViewController.swift in Sources */,
			);
			runOnlyForDeploymentPostprocessing = 0;
		};
		8352C66D1BD6A5DA007B3F5F /* Sources */ = {
			isa = PBXSourcesBuildPhase;
			buildActionMask = 2147483647;
			files = (
				8352C6761BD6A5DA007B3F5F /* ViTests.swift in Sources */,
				05CBBFCB1BD6CBEB00227BDC /* HomeGestureViewController.swift in Sources */,
				05CBBFC31BD6BE3500227BDC /* SettingsViewController.swift in Sources */,
				05CBBFC71BD6C51B00227BDC /* HomeViewController.swift in Sources */,
			);
			runOnlyForDeploymentPostprocessing = 0;
		};
		8352C6781BD6A5DA007B3F5F /* Sources */ = {
			isa = PBXSourcesBuildPhase;
			buildActionMask = 2147483647;
			files = (
				8352C6811BD6A5DA007B3F5F /* ViUITests.swift in Sources */,
				05CBBFCC1BD6CBEB00227BDC /* HomeGestureViewController.swift in Sources */,
				05CBBFC41BD6BE3500227BDC /* SettingsViewController.swift in Sources */,
				05CBBFC81BD6C51B00227BDC /* HomeViewController.swift in Sources */,
			);
			runOnlyForDeploymentPostprocessing = 0;
		};
/* End PBXSourcesBuildPhase section */

/* Begin PBXTargetDependency section */
		8352C6731BD6A5DA007B3F5F /* PBXTargetDependency */ = {
			isa = PBXTargetDependency;
			target = 8352C65A1BD6A5DA007B3F5F /* Vi */;
			targetProxy = 8352C6721BD6A5DA007B3F5F /* PBXContainerItemProxy */;
		};
		8352C67E1BD6A5DA007B3F5F /* PBXTargetDependency */ = {
			isa = PBXTargetDependency;
			target = 8352C65A1BD6A5DA007B3F5F /* Vi */;
			targetProxy = 8352C67D1BD6A5DA007B3F5F /* PBXContainerItemProxy */;
		};
/* End PBXTargetDependency section */

/* Begin PBXVariantGroup section */
		8352C6641BD6A5DA007B3F5F /* Main.storyboard */ = {
			isa = PBXVariantGroup;
			children = (
				8352C6651BD6A5DA007B3F5F /* Base */,
			);
			name = Main.storyboard;
			sourceTree = "<group>";
		};
		8352C6691BD6A5DA007B3F5F /* LaunchScreen.storyboard */ = {
			isa = PBXVariantGroup;
			children = (
				8352C66A1BD6A5DA007B3F5F /* Base */,
			);
			name = LaunchScreen.storyboard;
			sourceTree = "<group>";
		};
/* End PBXVariantGroup section */

/* Begin XCBuildConfiguration section */
		8352C6831BD6A5DA007B3F5F /* Debug */ = {
			isa = XCBuildConfiguration;
			buildSettings = {
				ALWAYS_SEARCH_USER_PATHS = NO;
				CLANG_CXX_LANGUAGE_STANDARD = "gnu++0x";
				CLANG_CXX_LIBRARY = "libc++";
				CLANG_ENABLE_MODULES = YES;
				CLANG_ENABLE_OBJC_ARC = YES;
				CLANG_WARN_BOOL_CONVERSION = YES;
				CLANG_WARN_CONSTANT_CONVERSION = YES;
				CLANG_WARN_DIRECT_OBJC_ISA_USAGE = YES_ERROR;
				CLANG_WARN_EMPTY_BODY = YES;
				CLANG_WARN_ENUM_CONVERSION = YES;
				CLANG_WARN_INT_CONVERSION = YES;
				CLANG_WARN_OBJC_ROOT_CLASS = YES_ERROR;
				CLANG_WARN_UNREACHABLE_CODE = YES;
				CLANG_WARN__DUPLICATE_METHOD_MATCH = YES;
				"CODE_SIGN_IDENTITY[sdk=iphoneos*]" = "iPhone Developer";
				COPY_PHASE_STRIP = NO;
				DEBUG_INFORMATION_FORMAT = dwarf;
				ENABLE_STRICT_OBJC_MSGSEND = YES;
				ENABLE_TESTABILITY = YES;
				GCC_C_LANGUAGE_STANDARD = gnu99;
				GCC_DYNAMIC_NO_PIC = NO;
				GCC_NO_COMMON_BLOCKS = YES;
				GCC_OPTIMIZATION_LEVEL = 0;
				GCC_PREPROCESSOR_DEFINITIONS = (
					"DEBUG=1",
					"$(inherited)",
				);
				GCC_WARN_64_TO_32_BIT_CONVERSION = YES;
				GCC_WARN_ABOUT_RETURN_TYPE = YES_ERROR;
				GCC_WARN_UNDECLARED_SELECTOR = YES;
				GCC_WARN_UNINITIALIZED_AUTOS = YES_AGGRESSIVE;
				GCC_WARN_UNUSED_FUNCTION = YES;
				GCC_WARN_UNUSED_VARIABLE = YES;
				IPHONEOS_DEPLOYMENT_TARGET = 9.0;
				MTL_ENABLE_DEBUG_INFO = YES;
				ONLY_ACTIVE_ARCH = YES;
				SDKROOT = iphoneos;
				SWIFT_OBJC_BRIDGING_HEADER = "Vi-Bridging-Header.h";
				SWIFT_OPTIMIZATION_LEVEL = "-Onone";
				TARGETED_DEVICE_FAMILY = "1,2";
			};
			name = Debug;
		};
		8352C6841BD6A5DA007B3F5F /* Release */ = {
			isa = XCBuildConfiguration;
			buildSettings = {
				ALWAYS_SEARCH_USER_PATHS = NO;
				CLANG_CXX_LANGUAGE_STANDARD = "gnu++0x";
				CLANG_CXX_LIBRARY = "libc++";
				CLANG_ENABLE_MODULES = YES;
				CLANG_ENABLE_OBJC_ARC = YES;
				CLANG_WARN_BOOL_CONVERSION = YES;
				CLANG_WARN_CONSTANT_CONVERSION = YES;
				CLANG_WARN_DIRECT_OBJC_ISA_USAGE = YES_ERROR;
				CLANG_WARN_EMPTY_BODY = YES;
				CLANG_WARN_ENUM_CONVERSION = YES;
				CLANG_WARN_INT_CONVERSION = YES;
				CLANG_WARN_OBJC_ROOT_CLASS = YES_ERROR;
				CLANG_WARN_UNREACHABLE_CODE = YES;
				CLANG_WARN__DUPLICATE_METHOD_MATCH = YES;
				"CODE_SIGN_IDENTITY[sdk=iphoneos*]" = "iPhone Developer";
				COPY_PHASE_STRIP = NO;
				DEBUG_INFORMATION_FORMAT = "dwarf-with-dsym";
				ENABLE_NS_ASSERTIONS = NO;
				ENABLE_STRICT_OBJC_MSGSEND = YES;
				GCC_C_LANGUAGE_STANDARD = gnu99;
				GCC_NO_COMMON_BLOCKS = YES;
				GCC_WARN_64_TO_32_BIT_CONVERSION = YES;
				GCC_WARN_ABOUT_RETURN_TYPE = YES_ERROR;
				GCC_WARN_UNDECLARED_SELECTOR = YES;
				GCC_WARN_UNINITIALIZED_AUTOS = YES_AGGRESSIVE;
				GCC_WARN_UNUSED_FUNCTION = YES;
				GCC_WARN_UNUSED_VARIABLE = YES;
				IPHONEOS_DEPLOYMENT_TARGET = 9.0;
				MTL_ENABLE_DEBUG_INFO = NO;
				SDKROOT = iphoneos;
				SWIFT_OBJC_BRIDGING_HEADER = "Vi-Bridging-Header.h";
				TARGETED_DEVICE_FAMILY = "1,2";
				VALIDATE_PRODUCT = YES;
			};
			name = Release;
		};
		8352C6861BD6A5DA007B3F5F /* Debug */ = {
			isa = XCBuildConfiguration;
			buildSettings = {
				ASSETCATALOG_COMPILER_APPICON_NAME = AppIcon;
				CLANG_ENABLE_MODULES = YES;
				DEFINES_MODULE = YES;
				FRAMEWORK_SEARCH_PATHS = (
					"$(inherited)",
					"$(PROJECT_DIR)",
				);
				INFOPLIST_FILE = Vi/Info.plist;
				LD_RUNPATH_SEARCH_PATHS = "$(inherited) @executable_path/Frameworks";
				PRODUCT_BUNDLE_IDENTIFIER = com.viapp.Vi;
				PRODUCT_NAME = "$(TARGET_NAME)";
				SWIFT_OBJC_BRIDGING_HEADER = "Vi-Bridging-Header.h";
				SWIFT_OPTIMIZATION_LEVEL = "-Onone";
				USER_HEADER_SEARCH_PATHS = "Pods/**";
			};
			name = Debug;
		};
		8352C6871BD6A5DA007B3F5F /* Release */ = {
			isa = XCBuildConfiguration;
			buildSettings = {
				ASSETCATALOG_COMPILER_APPICON_NAME = AppIcon;
				CLANG_ENABLE_MODULES = YES;
				DEFINES_MODULE = YES;
				FRAMEWORK_SEARCH_PATHS = (
					"$(inherited)",
					"$(PROJECT_DIR)",
				);
				INFOPLIST_FILE = Vi/Info.plist;
				LD_RUNPATH_SEARCH_PATHS = "$(inherited) @executable_path/Frameworks";
				PRODUCT_BUNDLE_IDENTIFIER = com.viapp.Vi;
				PRODUCT_NAME = "$(TARGET_NAME)";
				SWIFT_OBJC_BRIDGING_HEADER = "Vi-Bridging-Header.h";
				USER_HEADER_SEARCH_PATHS = "Pods/**";
			};
			name = Release;
		};
		8352C6891BD6A5DA007B3F5F /* Debug */ = {
			isa = XCBuildConfiguration;
			buildSettings = {
				BUNDLE_LOADER = "$(TEST_HOST)";
				CLANG_ENABLE_MODULES = YES;
				FRAMEWORK_SEARCH_PATHS = (
					"$(inherited)",
					"$(PROJECT_DIR)",
				);
				INFOPLIST_FILE = ViTests/Info.plist;
				LD_RUNPATH_SEARCH_PATHS = "$(inherited) @executable_path/Frameworks @loader_path/Frameworks";
				PRODUCT_BUNDLE_IDENTIFIER = com.viapp.ViTests;
				PRODUCT_NAME = "$(TARGET_NAME)";
				SWIFT_OBJC_BRIDGING_HEADER = "";
				SWIFT_OPTIMIZATION_LEVEL = "-Onone";
				TEST_HOST = "$(BUILT_PRODUCTS_DIR)/Vi.app/Vi";
			};
			name = Debug;
		};
		8352C68A1BD6A5DA007B3F5F /* Release */ = {
			isa = XCBuildConfiguration;
			buildSettings = {
				BUNDLE_LOADER = "$(TEST_HOST)";
				CLANG_ENABLE_MODULES = YES;
				FRAMEWORK_SEARCH_PATHS = (
					"$(inherited)",
					"$(PROJECT_DIR)",
				);
				INFOPLIST_FILE = ViTests/Info.plist;
				LD_RUNPATH_SEARCH_PATHS = "$(inherited) @executable_path/Frameworks @loader_path/Frameworks";
				PRODUCT_BUNDLE_IDENTIFIER = com.viapp.ViTests;
				PRODUCT_NAME = "$(TARGET_NAME)";
				SWIFT_OBJC_BRIDGING_HEADER = "";
				TEST_HOST = "$(BUILT_PRODUCTS_DIR)/Vi.app/Vi";
			};
			name = Release;
		};
		8352C68C1BD6A5DA007B3F5F /* Debug */ = {
			isa = XCBuildConfiguration;
			buildSettings = {
				CLANG_ENABLE_MODULES = YES;
				FRAMEWORK_SEARCH_PATHS = (
					"$(inherited)",
					"$(PROJECT_DIR)",
				);
				INFOPLIST_FILE = ViUITests/Info.plist;
				LD_RUNPATH_SEARCH_PATHS = "$(inherited) @executable_path/Frameworks @loader_path/Frameworks";
				PRODUCT_BUNDLE_IDENTIFIER = com.viapp.ViUITests;
				PRODUCT_NAME = "$(TARGET_NAME)";
				SWIFT_OBJC_BRIDGING_HEADER = "";
				SWIFT_OPTIMIZATION_LEVEL = "-Onone";
				TEST_TARGET_NAME = Vi;
				USES_XCTRUNNER = YES;
			};
			name = Debug;
		};
		8352C68D1BD6A5DA007B3F5F /* Release */ = {
			isa = XCBuildConfiguration;
			buildSettings = {
				CLANG_ENABLE_MODULES = YES;
				FRAMEWORK_SEARCH_PATHS = (
					"$(inherited)",
					"$(PROJECT_DIR)",
				);
				INFOPLIST_FILE = ViUITests/Info.plist;
				LD_RUNPATH_SEARCH_PATHS = "$(inherited) @executable_path/Frameworks @loader_path/Frameworks";
				PRODUCT_BUNDLE_IDENTIFIER = com.viapp.ViUITests;
				PRODUCT_NAME = "$(TARGET_NAME)";
				SWIFT_OBJC_BRIDGING_HEADER = "";
				TEST_TARGET_NAME = Vi;
				USES_XCTRUNNER = YES;
			};
			name = Release;
		};
/* End XCBuildConfiguration section */

/* Begin XCConfigurationList section */
		8352C6561BD6A5DA007B3F5F /* Build configuration list for PBXProject "Vi" */ = {
			isa = XCConfigurationList;
			buildConfigurations = (
				8352C6831BD6A5DA007B3F5F /* Debug */,
				8352C6841BD6A5DA007B3F5F /* Release */,
			);
			defaultConfigurationIsVisible = 0;
			defaultConfigurationName = Release;
		};
		8352C6851BD6A5DA007B3F5F /* Build configuration list for PBXNativeTarget "Vi" */ = {
			isa = XCConfigurationList;
			buildConfigurations = (
				8352C6861BD6A5DA007B3F5F /* Debug */,
				8352C6871BD6A5DA007B3F5F /* Release */,
			);
			defaultConfigurationIsVisible = 0;
			defaultConfigurationName = Release;
		};
		8352C6881BD6A5DA007B3F5F /* Build configuration list for PBXNativeTarget "ViTests" */ = {
			isa = XCConfigurationList;
			buildConfigurations = (
				8352C6891BD6A5DA007B3F5F /* Debug */,
				8352C68A1BD6A5DA007B3F5F /* Release */,
			);
			defaultConfigurationIsVisible = 0;
			defaultConfigurationName = Release;
		};
		8352C68B1BD6A5DA007B3F5F /* Build configuration list for PBXNativeTarget "ViUITests" */ = {
			isa = XCConfigurationList;
			buildConfigurations = (
				8352C68C1BD6A5DA007B3F5F /* Debug */,
				8352C68D1BD6A5DA007B3F5F /* Release */,
			);
			defaultConfigurationIsVisible = 0;
			defaultConfigurationName = Release;
		};
/* End XCConfigurationList section */
	};
	rootObject = 8352C6531BD6A5DA007B3F5F /* Project object */;
}
